
Microsoft Visual Studio Solution File, Format Version 12.00
# Visual Studio Version 16
VisualStudioVersion = 16.0.30804.86
MinimumVisualStudioVersion = 10.0.40219.1
Project("{8BC9CEB8-8B4A-11D0-8D11-00A0C91BC942}") = "Kth number", "CodingTest\CodingTest.vcxproj", "{544B5CE9-E8DD-400A-A41D-561BCF53D4AA}"
EndProject
Project("{8BC9CEB8-8B4A-11D0-8D11-00A0C91BC942}") = "Not completed participants", "Not completed participants\Not completed participants.vcxproj", "{44DED246-8680-412C-8911-B84EDB4E6921}"
EndProject
Project("{8BC9CEB8-8B4A-11D0-8D11-00A0C91BC942}") = "MockTest", "MockTest\MockTest.vcxproj", "{C3652B75-557D-4D4B-8E63-670D06BD1956}"
EndProject
Project("{8BC9CEB8-8B4A-11D0-8D11-00A0C91BC942}") = "2475", "2558\2558.vcxproj", "{3A146945-320B-4E02-B7F0-A2AC6848CD2C}"
EndProject
Project("{2150E333-8FDC-42A3-9474-1A3956D46DE8}") = "Programmers", "Programmers", "{81DA6164-9B34-4595-B2A7-E4286A3E7A4C}"
EndProject
Project("{2150E333-8FDC-42A3-9474-1A3956D46DE8}") = "Baekjoon", "Baekjoon", "{F99BD808-DEB9-4ABA-A327-DE5EA6857D08}"
EndProject
Project("{8BC9CEB8-8B4A-11D0-8D11-00A0C91BC942}") = "3046", "3046\3046.vcxproj", "{798674E6-8A4A-4BAB-BDCC-248C89A1BF4B}"
EndProject
Project("{8BC9CEB8-8B4A-11D0-8D11-00A0C91BC942}") = "2869", "2869\2869.vcxproj", "{F1D3E7A7-A158-421C-B914-85D024C1CFFA}"
EndProject
Project("{8BC9CEB8-8B4A-11D0-8D11-00A0C91BC942}") = "10250", "10250\10250.vcxproj", "{4E6DAAEF-D65D-4784-9F49-436CA3F8B4A6}"
EndProject
Project("{8BC9CEB8-8B4A-11D0-8D11-00A0C91BC942}") = "2775", "2775\2775.vcxproj", "{35BF9E15-3FE7-49F2-A376-235D6B6791AA}"
EndProject
Project("{8BC9CEB8-8B4A-11D0-8D11-00A0C91BC942}") = "1011", "1011\1011.vcxproj", "{02F243F5-0967-4CD0-A5D2-6B73C86D733A}"
EndProject
Project("{8BC9CEB8-8B4A-11D0-8D11-00A0C91BC942}") = "1978", "1978\1978.vcxproj", "{E713CD8E-2F76-4503-BA77-46B9CF509D40}"
EndProject
Project("{8BC9CEB8-8B4A-11D0-8D11-00A0C91BC942}") = "2581", "2581\2581.vcxproj", "{0865BBA9-D551-450C-B0AD-589190A3E84F}"
EndProject
Project("{8BC9CEB8-8B4A-11D0-8D11-00A0C91BC942}") = "1929", "1929\1929.vcxproj", "{40E2FBED-3DFB-4750-974F-B65A024B614B}"
EndProject
Project("{8BC9CEB8-8B4A-11D0-8D11-00A0C91BC942}") = "4948", "4948\4948.vcxproj", "{A9C92E70-B128-4E21-9BD4-D74D038FAB65}"
EndProject
Project("{8BC9CEB8-8B4A-11D0-8D11-00A0C91BC942}") = "9020", "9020\9020.vcxproj", "{50BFB589-D3AE-46DA-8791-204AC31BCC46}"
EndProject
Project("{8BC9CEB8-8B4A-11D0-8D11-00A0C91BC942}") = "1085", "1085\1085.vcxproj", "{086F4E9C-895D-42D9-BE23-91BB8902C32E}"
EndProject
Project("{8BC9CEB8-8B4A-11D0-8D11-00A0C91BC942}") = "3009", "3009\3009.vcxproj", "{294CCC46-A7B3-4B77-96C9-CEC2203C7662}"
EndProject
Project("{8BC9CEB8-8B4A-11D0-8D11-00A0C91BC942}") = "4153", "4153\4153.vcxproj", "{19CE4438-1A00-445F-A3FC-54DDA059854A}"
EndProject
Project("{8BC9CEB8-8B4A-11D0-8D11-00A0C91BC942}") = "3053", "3053\3053.vcxproj", "{AC9A1ACF-BA9C-4396-B20C-FA546A9DB5B0}"
EndProject
Project("{8BC9CEB8-8B4A-11D0-8D11-00A0C91BC942}") = "1002", "1002\1002.vcxproj", "{6C243701-CB23-430E-B365-A95AAB756000}"
EndProject
Project("{8BC9CEB8-8B4A-11D0-8D11-00A0C91BC942}") = "10872", "10872\10872.vcxproj", "{72A925E9-5581-4A14-9ABD-813EB1F72E2D}"
EndProject
Project("{8BC9CEB8-8B4A-11D0-8D11-00A0C91BC942}") = "10870", "10870\10870.vcxproj", "{97F4DD20-6E0F-43B1-A320-F2CA6C8CE3A6}"
EndProject
Project("{8BC9CEB8-8B4A-11D0-8D11-00A0C91BC942}") = "2447", "2447\2447.vcxproj", "{68F17DA8-6FFF-4465-9002-757527EF0770}"
EndProject
Project("{8BC9CEB8-8B4A-11D0-8D11-00A0C91BC942}") = "11729", "11729\11729.vcxproj", "{1FE1124B-F59B-41B3-88CE-D4A93D325168}"
EndProject
Project("{8BC9CEB8-8B4A-11D0-8D11-00A0C91BC942}") = "2798", "2798\2798.vcxproj", "{24082827-6AAA-4292-A5F6-88F4B495F636}"
EndProject
Project("{8BC9CEB8-8B4A-11D0-8D11-00A0C91BC942}") = "2231", "2231\2231.vcxproj", "{0215C1E4-0336-44EA-A21E-0D677FE25AA0}"
EndProject
Project("{8BC9CEB8-8B4A-11D0-8D11-00A0C91BC942}") = "7568", "7568\7568.vcxproj", "{04361D25-C1DD-4D83-BAB3-18CDB2E2D0C8}"
EndProject
Project("{8BC9CEB8-8B4A-11D0-8D11-00A0C91BC942}") = "1018", "1018\1018.vcxproj", "{17AEE419-BC3D-4C9B-A8E7-9E6278D5FAA0}"
EndProject
Project("{8BC9CEB8-8B4A-11D0-8D11-00A0C91BC942}") = "1436", "1436\1436.vcxproj", "{3D404318-CB11-4520-82F1-7F32584407F1}"
EndProject
Project("{8BC9CEB8-8B4A-11D0-8D11-00A0C91BC942}") = "2750", "2750\2750.vcxproj", "{B5D80871-7C17-45CC-899E-7AAE930BCA24}"
EndProject
Project("{8BC9CEB8-8B4A-11D0-8D11-00A0C91BC942}") = "2751", "2751\2751.vcxproj", "{E69664EA-B6BA-4CF7-A850-8E02852A7C98}"
EndProject
Project("{8BC9CEB8-8B4A-11D0-8D11-00A0C91BC942}") = "10989", "109899\109899.vcxproj", "{7CC74ABA-9623-4CC7-B327-1DA1D5F44E32}"
EndProject
Project("{8BC9CEB8-8B4A-11D0-8D11-00A0C91BC942}") = "5622", "5622\5622.vcxproj", "{0DB0004B-23F8-4E9D-8105-D5763946CA46}"
EndProject
Project("{8BC9CEB8-8B4A-11D0-8D11-00A0C91BC942}") = "2941", "2941\2941.vcxproj", "{4383C40D-8674-4E0B-9BB0-7FCEE37DD438}"
EndProject
Project("{8BC9CEB8-8B4A-11D0-8D11-00A0C91BC942}") = "1316", "1316\1316.vcxproj", "{0CD1CA5F-7E07-4BA3-B4FB-39C2A70055CB}"
EndProject
Project("{8BC9CEB8-8B4A-11D0-8D11-00A0C91BC942}") = "2108", "2108\2108.vcxproj", "{2A81B040-92C7-4955-A32C-A653B9E62E03}"
EndProject
Project("{8BC9CEB8-8B4A-11D0-8D11-00A0C91BC942}") = "1427", "1427\1427.vcxproj", "{39335BF2-C519-4118-A613-D1D5D7D9C465}"
EndProject
Project("{8BC9CEB8-8B4A-11D0-8D11-00A0C91BC942}") = "11650", "11650\11650.vcxproj", "{4E9DE649-FE40-414A-866C-BF9351193598}"
EndProject
Project("{8BC9CEB8-8B4A-11D0-8D11-00A0C91BC942}") = "11651", "11651\11651.vcxproj", "{45752B61-0865-4B6F-9787-B47E7D9B62E0}"
EndProject
Project("{8BC9CEB8-8B4A-11D0-8D11-00A0C91BC942}") = "1181", "1181\1181.vcxproj", "{388CC169-26B2-4373-9598-AC02C90B4254}"
EndProject
Project("{8BC9CEB8-8B4A-11D0-8D11-00A0C91BC942}") = "10814", "10814\10814.vcxproj", "{485EDD78-2917-498F-AF06-43291008B218}"
EndProject
Project("{8BC9CEB8-8B4A-11D0-8D11-00A0C91BC942}") = "TriangleSnale", "Budgets\Budgets.vcxproj", "{EFEF4624-7D5A-45C4-BA8F-27C1C6BED493}"
EndProject
Project("{8BC9CEB8-8B4A-11D0-8D11-00A0C91BC942}") = "PickTwoAndAdd", "PickTwoAndAdd\PickTwoAndAdd.vcxproj", "{26F99E5A-1357-4F76-A0EB-F117B65D1C6F}"
EndProject
Project("{8BC9CEB8-8B4A-11D0-8D11-00A0C91BC942}") = "CraineGame", "CraineGame\CraineGame.vcxproj", "{A352056B-2F64-48C5-90D8-353CBEBD9709}"
EndProject
Project("{8BC9CEB8-8B4A-11D0-8D11-00A0C91BC942}") = "NewIDRecommendation", "NewIDRecommendation\NewIDRecommendation.vcxproj", "{22294249-758E-4B1A-A148-FE1D195C6C73}"
EndProject
Project("{8BC9CEB8-8B4A-11D0-8D11-00A0C91BC942}") = "SweatSuit", "SweatSuit\SweatSuit.vcxproj", "{03FD543A-A2C2-4F63-9811-B7B92F3F72F7}"
EndProject
Project("{8BC9CEB8-8B4A-11D0-8D11-00A0C91BC942}") = "2016", "2016\2016.vcxproj", "{E7C15366-F91C-4F5A-B3A4-0EF2850FA613}"
EndProject
Project("{8BC9CEB8-8B4A-11D0-8D11-00A0C91BC942}") = "MidCharacter", "MidCharacter\MidCharacter.vcxproj", "{114D13F0-4DD3-44BA-9F57-FAF1E4B1562A}"
EndProject
Project("{8BC9CEB8-8B4A-11D0-8D11-00A0C91BC942}") = "TernarySystem", "TernarySystem\TernarySystem.vcxproj", "{AE0F67E8-2AB8-47F5-ADCA-073FD8F3F73E}"
EndProject
Project("{8BC9CEB8-8B4A-11D0-8D11-00A0C91BC942}") = "IHateSameNumber", "IHateSameNumber\IHateSameNumber.vcxproj", "{19B368B6-CF8A-495C-A847-5D130FEE5ED5}"
EndProject
Project("{8BC9CEB8-8B4A-11D0-8D11-00A0C91BC942}") = "DividableNumberArray", "DividableNumberArray\DividableNumberArray.vcxproj", "{79BD9B79-0EBE-4544-B977-C01C27489E41}"
EndProject
Project("{8BC9CEB8-8B4A-11D0-8D11-00A0C91BC942}") = "SumBetweenTwoNumbers", "SumBetweenTwoNumbers\SumBetweenTwoNumbers.vcxproj", "{208E0D69-6743-4F79-A986-6225F07B4C65}"
EndProject
Project("{8BC9CEB8-8B4A-11D0-8D11-00A0C91BC942}") = "StringSort", "StringSort\StringSort.vcxproj", "{9D6934FE-0049-4F36-A141-E39789B2F0E9}"
EndProject
Project("{8BC9CEB8-8B4A-11D0-8D11-00A0C91BC942}") = "NumberOfPAndYInString", "NumberOfPAndYInString\NumberOfPAndYInString.vcxproj", "{E011D001-231C-42F3-A4BF-A6AD735F709F}"
EndProject
Project("{8BC9CEB8-8B4A-11D0-8D11-00A0C91BC942}") = "DownwardStringSort", "DownwardStringSort\DownwardStringSort.vcxproj", "{4CEE7110-6869-43B9-8CAA-573A7126F641}"
EndProject
Project("{8BC9CEB8-8B4A-11D0-8D11-00A0C91BC942}") = "StringBasic", "StringBasic\StringBasic.vcxproj", "{9039A147-FEA8-4A24-AD53-1674F42E5664}"
EndProject
Project("{8BC9CEB8-8B4A-11D0-8D11-00A0C91BC942}") = "FindMrKim", "FIndMrKim\FIndMrKim.vcxproj", "{0B250A19-6D7E-49A8-BEE9-5EA15617C073}"
EndProject
Project("{8BC9CEB8-8B4A-11D0-8D11-00A0C91BC942}") = "FindPrimeNumber", "FindPrimeNumber\FindPrimeNumber.vcxproj", "{B4603941-8D8C-40B5-8CD6-F6B50B6324B3}"
EndProject
Project("{8BC9CEB8-8B4A-11D0-8D11-00A0C91BC942}") = "Subaksubaksu", "Subaksubaksu\Subaksubaksu.vcxproj", "{F8F22780-72FD-4612-BF6C-0908872DDC7B}"
EndProject
Project("{8BC9CEB8-8B4A-11D0-8D11-00A0C91BC942}") = "StringToInteger", "StringToInteger\StringToInteger.vcxproj", "{DF7CCE75-C0B5-441B-BDD3-7A8C3EF881BD}"
EndProject
Project("{8BC9CEB8-8B4A-11D0-8D11-00A0C91BC942}") = "ScalarProduct", "ScalarProduct\ScalarProduct.vcxproj", "{0FFF0A25-3E44-4ADD-834A-0D277245211B}"
EndProject
Project("{8BC9CEB8-8B4A-11D0-8D11-00A0C91BC942}") = "CeaserCipher", "CeaserCipher\CeaserCipher.vcxproj", "{F8EF4F47-BC93-4326-A163-9601575A1A47}"
EndProject
Project("{8BC9CEB8-8B4A-11D0-8D11-00A0C91BC942}") = "SumOfAliquot", "FindAliquot\FindAliquot.vcxproj", "{F5070CBD-48C7-46A6-9A0A-EC358F16FB8A}"
EndProject
Project("{8BC9CEB8-8B4A-11D0-8D11-00A0C91BC942}") = "MakeStrangeString", "MakeStrangeString\MakeStrangeString.vcxproj", "{BDFC4FEC-7BE9-4B9F-80A4-004A26923D32}"
EndProject
Project("{8BC9CEB8-8B4A-11D0-8D11-00A0C91BC942}") = "SunOfEachNumber", "SunOfEachNumber\SunOfEachNumber.vcxproj", "{B84BEDA1-2D0C-4881-A959-A85E47277FBA}"
EndProject
Project("{8BC9CEB8-8B4A-11D0-8D11-00A0C91BC942}") = "ReverseANaturalNumber", "ReverseANaturalNumber\ReverseANaturalNumber.vcxproj", "{021E0109-7A90-41ED-8E61-EFEBC7624B51}"
EndProject
Project("{8BC9CEB8-8B4A-11D0-8D11-00A0C91BC942}") = "SortANumber", "SortANumber\SortANumber.vcxproj", "{574CFFB3-8BBA-4320-BDA3-3B9B0D1ECDE0}"
EndProject
Project("{8BC9CEB8-8B4A-11D0-8D11-00A0C91BC942}") = "CheckSQRT", "CheckSQRT\CheckSQRT.vcxproj", "{44B3A436-E8A5-453B-A497-ADAAC0E0D317}"
EndProject
Project("{8BC9CEB8-8B4A-11D0-8D11-00A0C91BC942}") = "RemoveLeastLargeNumber", "RemoveLeastLargeNumber\RemoveLeastLargeNumber.vcxproj", "{6F74D8D3-5BCD-4321-BDD7-D44C43BD75B4}"
EndProject
Project("{8BC9CEB8-8B4A-11D0-8D11-00A0C91BC942}") = "TouchKeyPads", "TouchKeyPads\TouchKeyPads.vcxproj", "{07CF2826-E5DB-4BEE-8BCA-0457B97709A3}"
EndProject
Project("{8BC9CEB8-8B4A-11D0-8D11-00A0C91BC942}") = "FindGCDAndLCM", "FindGCDAndLCM\FindGCDAndLCM.vcxproj", "{4921DA9C-13DE-4597-946A-337A2F3ABB21}"
EndProject
Project("{8BC9CEB8-8B4A-11D0-8D11-00A0C91BC942}") = "CollatzConjecture", "CollatzConjecture\CollatzConjecture.vcxproj", "{85B269A9-FBEA-494A-BED2-29AFF14F85AD}"
EndProject
Global
	GlobalSection(SolutionConfigurationPlatforms) = preSolution
		Debug|x64 = Debug|x64
		Debug|x86 = Debug|x86
		Release|x64 = Release|x64
		Release|x86 = Release|x86
	EndGlobalSection
	GlobalSection(ProjectConfigurationPlatforms) = postSolution
		{544B5CE9-E8DD-400A-A41D-561BCF53D4AA}.Debug|x64.ActiveCfg = Debug|x64
		{544B5CE9-E8DD-400A-A41D-561BCF53D4AA}.Debug|x64.Build.0 = Debug|x64
		{544B5CE9-E8DD-400A-A41D-561BCF53D4AA}.Debug|x86.ActiveCfg = Debug|Win32
		{544B5CE9-E8DD-400A-A41D-561BCF53D4AA}.Debug|x86.Build.0 = Debug|Win32
		{544B5CE9-E8DD-400A-A41D-561BCF53D4AA}.Release|x64.ActiveCfg = Release|x64
		{544B5CE9-E8DD-400A-A41D-561BCF53D4AA}.Release|x64.Build.0 = Release|x64
		{544B5CE9-E8DD-400A-A41D-561BCF53D4AA}.Release|x86.ActiveCfg = Release|Win32
		{544B5CE9-E8DD-400A-A41D-561BCF53D4AA}.Release|x86.Build.0 = Release|Win32
		{44DED246-8680-412C-8911-B84EDB4E6921}.Debug|x64.ActiveCfg = Debug|x64
		{44DED246-8680-412C-8911-B84EDB4E6921}.Debug|x64.Build.0 = Debug|x64
		{44DED246-8680-412C-8911-B84EDB4E6921}.Debug|x86.ActiveCfg = Debug|Win32
		{44DED246-8680-412C-8911-B84EDB4E6921}.Debug|x86.Build.0 = Debug|Win32
		{44DED246-8680-412C-8911-B84EDB4E6921}.Release|x64.ActiveCfg = Release|x64
		{44DED246-8680-412C-8911-B84EDB4E6921}.Release|x64.Build.0 = Release|x64
		{44DED246-8680-412C-8911-B84EDB4E6921}.Release|x86.ActiveCfg = Release|Win32
		{44DED246-8680-412C-8911-B84EDB4E6921}.Release|x86.Build.0 = Release|Win32
		{C3652B75-557D-4D4B-8E63-670D06BD1956}.Debug|x64.ActiveCfg = Debug|x64
		{C3652B75-557D-4D4B-8E63-670D06BD1956}.Debug|x64.Build.0 = Debug|x64
		{C3652B75-557D-4D4B-8E63-670D06BD1956}.Debug|x86.ActiveCfg = Debug|Win32
		{C3652B75-557D-4D4B-8E63-670D06BD1956}.Debug|x86.Build.0 = Debug|Win32
		{C3652B75-557D-4D4B-8E63-670D06BD1956}.Release|x64.ActiveCfg = Release|x64
		{C3652B75-557D-4D4B-8E63-670D06BD1956}.Release|x64.Build.0 = Release|x64
		{C3652B75-557D-4D4B-8E63-670D06BD1956}.Release|x86.ActiveCfg = Release|Win32
		{C3652B75-557D-4D4B-8E63-670D06BD1956}.Release|x86.Build.0 = Release|Win32
		{3A146945-320B-4E02-B7F0-A2AC6848CD2C}.Debug|x64.ActiveCfg = Debug|x64
		{3A146945-320B-4E02-B7F0-A2AC6848CD2C}.Debug|x64.Build.0 = Debug|x64
		{3A146945-320B-4E02-B7F0-A2AC6848CD2C}.Debug|x86.ActiveCfg = Debug|Win32
		{3A146945-320B-4E02-B7F0-A2AC6848CD2C}.Debug|x86.Build.0 = Debug|Win32
		{3A146945-320B-4E02-B7F0-A2AC6848CD2C}.Release|x64.ActiveCfg = Release|x64
		{3A146945-320B-4E02-B7F0-A2AC6848CD2C}.Release|x64.Build.0 = Release|x64
		{3A146945-320B-4E02-B7F0-A2AC6848CD2C}.Release|x86.ActiveCfg = Release|Win32
		{3A146945-320B-4E02-B7F0-A2AC6848CD2C}.Release|x86.Build.0 = Release|Win32
		{798674E6-8A4A-4BAB-BDCC-248C89A1BF4B}.Debug|x64.ActiveCfg = Debug|x64
		{798674E6-8A4A-4BAB-BDCC-248C89A1BF4B}.Debug|x64.Build.0 = Debug|x64
		{798674E6-8A4A-4BAB-BDCC-248C89A1BF4B}.Debug|x86.ActiveCfg = Debug|Win32
		{798674E6-8A4A-4BAB-BDCC-248C89A1BF4B}.Debug|x86.Build.0 = Debug|Win32
		{798674E6-8A4A-4BAB-BDCC-248C89A1BF4B}.Release|x64.ActiveCfg = Release|x64
		{798674E6-8A4A-4BAB-BDCC-248C89A1BF4B}.Release|x64.Build.0 = Release|x64
		{798674E6-8A4A-4BAB-BDCC-248C89A1BF4B}.Release|x86.ActiveCfg = Release|Win32
		{798674E6-8A4A-4BAB-BDCC-248C89A1BF4B}.Release|x86.Build.0 = Release|Win32
		{F1D3E7A7-A158-421C-B914-85D024C1CFFA}.Debug|x64.ActiveCfg = Debug|x64
		{F1D3E7A7-A158-421C-B914-85D024C1CFFA}.Debug|x64.Build.0 = Debug|x64
		{F1D3E7A7-A158-421C-B914-85D024C1CFFA}.Debug|x86.ActiveCfg = Debug|Win32
		{F1D3E7A7-A158-421C-B914-85D024C1CFFA}.Debug|x86.Build.0 = Debug|Win32
		{F1D3E7A7-A158-421C-B914-85D024C1CFFA}.Release|x64.ActiveCfg = Release|x64
		{F1D3E7A7-A158-421C-B914-85D024C1CFFA}.Release|x64.Build.0 = Release|x64
		{F1D3E7A7-A158-421C-B914-85D024C1CFFA}.Release|x86.ActiveCfg = Release|Win32
		{F1D3E7A7-A158-421C-B914-85D024C1CFFA}.Release|x86.Build.0 = Release|Win32
		{4E6DAAEF-D65D-4784-9F49-436CA3F8B4A6}.Debug|x64.ActiveCfg = Debug|x64
		{4E6DAAEF-D65D-4784-9F49-436CA3F8B4A6}.Debug|x64.Build.0 = Debug|x64
		{4E6DAAEF-D65D-4784-9F49-436CA3F8B4A6}.Debug|x86.ActiveCfg = Debug|Win32
		{4E6DAAEF-D65D-4784-9F49-436CA3F8B4A6}.Debug|x86.Build.0 = Debug|Win32
		{4E6DAAEF-D65D-4784-9F49-436CA3F8B4A6}.Release|x64.ActiveCfg = Release|x64
		{4E6DAAEF-D65D-4784-9F49-436CA3F8B4A6}.Release|x64.Build.0 = Release|x64
		{4E6DAAEF-D65D-4784-9F49-436CA3F8B4A6}.Release|x86.ActiveCfg = Release|Win32
		{4E6DAAEF-D65D-4784-9F49-436CA3F8B4A6}.Release|x86.Build.0 = Release|Win32
		{35BF9E15-3FE7-49F2-A376-235D6B6791AA}.Debug|x64.ActiveCfg = Debug|x64
		{35BF9E15-3FE7-49F2-A376-235D6B6791AA}.Debug|x64.Build.0 = Debug|x64
		{35BF9E15-3FE7-49F2-A376-235D6B6791AA}.Debug|x86.ActiveCfg = Debug|Win32
		{35BF9E15-3FE7-49F2-A376-235D6B6791AA}.Debug|x86.Build.0 = Debug|Win32
		{35BF9E15-3FE7-49F2-A376-235D6B6791AA}.Release|x64.ActiveCfg = Release|x64
		{35BF9E15-3FE7-49F2-A376-235D6B6791AA}.Release|x64.Build.0 = Release|x64
		{35BF9E15-3FE7-49F2-A376-235D6B6791AA}.Release|x86.ActiveCfg = Release|Win32
		{35BF9E15-3FE7-49F2-A376-235D6B6791AA}.Release|x86.Build.0 = Release|Win32
		{02F243F5-0967-4CD0-A5D2-6B73C86D733A}.Debug|x64.ActiveCfg = Debug|x64
		{02F243F5-0967-4CD0-A5D2-6B73C86D733A}.Debug|x64.Build.0 = Debug|x64
		{02F243F5-0967-4CD0-A5D2-6B73C86D733A}.Debug|x86.ActiveCfg = Debug|Win32
		{02F243F5-0967-4CD0-A5D2-6B73C86D733A}.Debug|x86.Build.0 = Debug|Win32
		{02F243F5-0967-4CD0-A5D2-6B73C86D733A}.Release|x64.ActiveCfg = Release|x64
		{02F243F5-0967-4CD0-A5D2-6B73C86D733A}.Release|x64.Build.0 = Release|x64
		{02F243F5-0967-4CD0-A5D2-6B73C86D733A}.Release|x86.ActiveCfg = Release|Win32
		{02F243F5-0967-4CD0-A5D2-6B73C86D733A}.Release|x86.Build.0 = Release|Win32
		{E713CD8E-2F76-4503-BA77-46B9CF509D40}.Debug|x64.ActiveCfg = Debug|x64
		{E713CD8E-2F76-4503-BA77-46B9CF509D40}.Debug|x64.Build.0 = Debug|x64
		{E713CD8E-2F76-4503-BA77-46B9CF509D40}.Debug|x86.ActiveCfg = Debug|Win32
		{E713CD8E-2F76-4503-BA77-46B9CF509D40}.Debug|x86.Build.0 = Debug|Win32
		{E713CD8E-2F76-4503-BA77-46B9CF509D40}.Release|x64.ActiveCfg = Release|x64
		{E713CD8E-2F76-4503-BA77-46B9CF509D40}.Release|x64.Build.0 = Release|x64
		{E713CD8E-2F76-4503-BA77-46B9CF509D40}.Release|x86.ActiveCfg = Release|Win32
		{E713CD8E-2F76-4503-BA77-46B9CF509D40}.Release|x86.Build.0 = Release|Win32
		{0865BBA9-D551-450C-B0AD-589190A3E84F}.Debug|x64.ActiveCfg = Debug|x64
		{0865BBA9-D551-450C-B0AD-589190A3E84F}.Debug|x64.Build.0 = Debug|x64
		{0865BBA9-D551-450C-B0AD-589190A3E84F}.Debug|x86.ActiveCfg = Debug|Win32
		{0865BBA9-D551-450C-B0AD-589190A3E84F}.Debug|x86.Build.0 = Debug|Win32
		{0865BBA9-D551-450C-B0AD-589190A3E84F}.Release|x64.ActiveCfg = Release|x64
		{0865BBA9-D551-450C-B0AD-589190A3E84F}.Release|x64.Build.0 = Release|x64
		{0865BBA9-D551-450C-B0AD-589190A3E84F}.Release|x86.ActiveCfg = Release|Win32
		{0865BBA9-D551-450C-B0AD-589190A3E84F}.Release|x86.Build.0 = Release|Win32
		{40E2FBED-3DFB-4750-974F-B65A024B614B}.Debug|x64.ActiveCfg = Debug|x64
		{40E2FBED-3DFB-4750-974F-B65A024B614B}.Debug|x64.Build.0 = Debug|x64
		{40E2FBED-3DFB-4750-974F-B65A024B614B}.Debug|x86.ActiveCfg = Debug|Win32
		{40E2FBED-3DFB-4750-974F-B65A024B614B}.Debug|x86.Build.0 = Debug|Win32
		{40E2FBED-3DFB-4750-974F-B65A024B614B}.Release|x64.ActiveCfg = Release|x64
		{40E2FBED-3DFB-4750-974F-B65A024B614B}.Release|x64.Build.0 = Release|x64
		{40E2FBED-3DFB-4750-974F-B65A024B614B}.Release|x86.ActiveCfg = Release|Win32
		{40E2FBED-3DFB-4750-974F-B65A024B614B}.Release|x86.Build.0 = Release|Win32
		{A9C92E70-B128-4E21-9BD4-D74D038FAB65}.Debug|x64.ActiveCfg = Debug|x64
		{A9C92E70-B128-4E21-9BD4-D74D038FAB65}.Debug|x64.Build.0 = Debug|x64
		{A9C92E70-B128-4E21-9BD4-D74D038FAB65}.Debug|x86.ActiveCfg = Debug|Win32
		{A9C92E70-B128-4E21-9BD4-D74D038FAB65}.Debug|x86.Build.0 = Debug|Win32
		{A9C92E70-B128-4E21-9BD4-D74D038FAB65}.Release|x64.ActiveCfg = Release|x64
		{A9C92E70-B128-4E21-9BD4-D74D038FAB65}.Release|x64.Build.0 = Release|x64
		{A9C92E70-B128-4E21-9BD4-D74D038FAB65}.Release|x86.ActiveCfg = Release|Win32
		{A9C92E70-B128-4E21-9BD4-D74D038FAB65}.Release|x86.Build.0 = Release|Win32
		{50BFB589-D3AE-46DA-8791-204AC31BCC46}.Debug|x64.ActiveCfg = Debug|x64
		{50BFB589-D3AE-46DA-8791-204AC31BCC46}.Debug|x64.Build.0 = Debug|x64
		{50BFB589-D3AE-46DA-8791-204AC31BCC46}.Debug|x86.ActiveCfg = Debug|Win32
		{50BFB589-D3AE-46DA-8791-204AC31BCC46}.Debug|x86.Build.0 = Debug|Win32
		{50BFB589-D3AE-46DA-8791-204AC31BCC46}.Release|x64.ActiveCfg = Release|x64
		{50BFB589-D3AE-46DA-8791-204AC31BCC46}.Release|x64.Build.0 = Release|x64
		{50BFB589-D3AE-46DA-8791-204AC31BCC46}.Release|x86.ActiveCfg = Release|Win32
		{50BFB589-D3AE-46DA-8791-204AC31BCC46}.Release|x86.Build.0 = Release|Win32
		{086F4E9C-895D-42D9-BE23-91BB8902C32E}.Debug|x64.ActiveCfg = Debug|x64
		{086F4E9C-895D-42D9-BE23-91BB8902C32E}.Debug|x64.Build.0 = Debug|x64
		{086F4E9C-895D-42D9-BE23-91BB8902C32E}.Debug|x86.ActiveCfg = Debug|Win32
		{086F4E9C-895D-42D9-BE23-91BB8902C32E}.Debug|x86.Build.0 = Debug|Win32
		{086F4E9C-895D-42D9-BE23-91BB8902C32E}.Release|x64.ActiveCfg = Release|x64
		{086F4E9C-895D-42D9-BE23-91BB8902C32E}.Release|x64.Build.0 = Release|x64
		{086F4E9C-895D-42D9-BE23-91BB8902C32E}.Release|x86.ActiveCfg = Release|Win32
		{086F4E9C-895D-42D9-BE23-91BB8902C32E}.Release|x86.Build.0 = Release|Win32
		{294CCC46-A7B3-4B77-96C9-CEC2203C7662}.Debug|x64.ActiveCfg = Debug|x64
		{294CCC46-A7B3-4B77-96C9-CEC2203C7662}.Debug|x64.Build.0 = Debug|x64
		{294CCC46-A7B3-4B77-96C9-CEC2203C7662}.Debug|x86.ActiveCfg = Debug|Win32
		{294CCC46-A7B3-4B77-96C9-CEC2203C7662}.Debug|x86.Build.0 = Debug|Win32
		{294CCC46-A7B3-4B77-96C9-CEC2203C7662}.Release|x64.ActiveCfg = Release|x64
		{294CCC46-A7B3-4B77-96C9-CEC2203C7662}.Release|x64.Build.0 = Release|x64
		{294CCC46-A7B3-4B77-96C9-CEC2203C7662}.Release|x86.ActiveCfg = Release|Win32
		{294CCC46-A7B3-4B77-96C9-CEC2203C7662}.Release|x86.Build.0 = Release|Win32
		{19CE4438-1A00-445F-A3FC-54DDA059854A}.Debug|x64.ActiveCfg = Debug|x64
		{19CE4438-1A00-445F-A3FC-54DDA059854A}.Debug|x64.Build.0 = Debug|x64
		{19CE4438-1A00-445F-A3FC-54DDA059854A}.Debug|x86.ActiveCfg = Debug|Win32
		{19CE4438-1A00-445F-A3FC-54DDA059854A}.Debug|x86.Build.0 = Debug|Win32
		{19CE4438-1A00-445F-A3FC-54DDA059854A}.Release|x64.ActiveCfg = Release|x64
		{19CE4438-1A00-445F-A3FC-54DDA059854A}.Release|x64.Build.0 = Release|x64
		{19CE4438-1A00-445F-A3FC-54DDA059854A}.Release|x86.ActiveCfg = Release|Win32
		{19CE4438-1A00-445F-A3FC-54DDA059854A}.Release|x86.Build.0 = Release|Win32
		{AC9A1ACF-BA9C-4396-B20C-FA546A9DB5B0}.Debug|x64.ActiveCfg = Debug|x64
		{AC9A1ACF-BA9C-4396-B20C-FA546A9DB5B0}.Debug|x64.Build.0 = Debug|x64
		{AC9A1ACF-BA9C-4396-B20C-FA546A9DB5B0}.Debug|x86.ActiveCfg = Debug|Win32
		{AC9A1ACF-BA9C-4396-B20C-FA546A9DB5B0}.Debug|x86.Build.0 = Debug|Win32
		{AC9A1ACF-BA9C-4396-B20C-FA546A9DB5B0}.Release|x64.ActiveCfg = Release|x64
		{AC9A1ACF-BA9C-4396-B20C-FA546A9DB5B0}.Release|x64.Build.0 = Release|x64
		{AC9A1ACF-BA9C-4396-B20C-FA546A9DB5B0}.Release|x86.ActiveCfg = Release|Win32
		{AC9A1ACF-BA9C-4396-B20C-FA546A9DB5B0}.Release|x86.Build.0 = Release|Win32
		{6C243701-CB23-430E-B365-A95AAB756000}.Debug|x64.ActiveCfg = Debug|x64
		{6C243701-CB23-430E-B365-A95AAB756000}.Debug|x64.Build.0 = Debug|x64
		{6C243701-CB23-430E-B365-A95AAB756000}.Debug|x86.ActiveCfg = Debug|Win32
		{6C243701-CB23-430E-B365-A95AAB756000}.Debug|x86.Build.0 = Debug|Win32
		{6C243701-CB23-430E-B365-A95AAB756000}.Release|x64.ActiveCfg = Release|x64
		{6C243701-CB23-430E-B365-A95AAB756000}.Release|x64.Build.0 = Release|x64
		{6C243701-CB23-430E-B365-A95AAB756000}.Release|x86.ActiveCfg = Release|Win32
		{6C243701-CB23-430E-B365-A95AAB756000}.Release|x86.Build.0 = Release|Win32
		{72A925E9-5581-4A14-9ABD-813EB1F72E2D}.Debug|x64.ActiveCfg = Debug|x64
		{72A925E9-5581-4A14-9ABD-813EB1F72E2D}.Debug|x64.Build.0 = Debug|x64
		{72A925E9-5581-4A14-9ABD-813EB1F72E2D}.Debug|x86.ActiveCfg = Debug|Win32
		{72A925E9-5581-4A14-9ABD-813EB1F72E2D}.Debug|x86.Build.0 = Debug|Win32
		{72A925E9-5581-4A14-9ABD-813EB1F72E2D}.Release|x64.ActiveCfg = Release|x64
		{72A925E9-5581-4A14-9ABD-813EB1F72E2D}.Release|x64.Build.0 = Release|x64
		{72A925E9-5581-4A14-9ABD-813EB1F72E2D}.Release|x86.ActiveCfg = Release|Win32
		{72A925E9-5581-4A14-9ABD-813EB1F72E2D}.Release|x86.Build.0 = Release|Win32
		{97F4DD20-6E0F-43B1-A320-F2CA6C8CE3A6}.Debug|x64.ActiveCfg = Debug|x64
		{97F4DD20-6E0F-43B1-A320-F2CA6C8CE3A6}.Debug|x64.Build.0 = Debug|x64
		{97F4DD20-6E0F-43B1-A320-F2CA6C8CE3A6}.Debug|x86.ActiveCfg = Debug|Win32
		{97F4DD20-6E0F-43B1-A320-F2CA6C8CE3A6}.Debug|x86.Build.0 = Debug|Win32
		{97F4DD20-6E0F-43B1-A320-F2CA6C8CE3A6}.Release|x64.ActiveCfg = Release|x64
		{97F4DD20-6E0F-43B1-A320-F2CA6C8CE3A6}.Release|x64.Build.0 = Release|x64
		{97F4DD20-6E0F-43B1-A320-F2CA6C8CE3A6}.Release|x86.ActiveCfg = Release|Win32
		{97F4DD20-6E0F-43B1-A320-F2CA6C8CE3A6}.Release|x86.Build.0 = Release|Win32
		{68F17DA8-6FFF-4465-9002-757527EF0770}.Debug|x64.ActiveCfg = Debug|x64
		{68F17DA8-6FFF-4465-9002-757527EF0770}.Debug|x64.Build.0 = Debug|x64
		{68F17DA8-6FFF-4465-9002-757527EF0770}.Debug|x86.ActiveCfg = Debug|Win32
		{68F17DA8-6FFF-4465-9002-757527EF0770}.Debug|x86.Build.0 = Debug|Win32
		{68F17DA8-6FFF-4465-9002-757527EF0770}.Release|x64.ActiveCfg = Release|x64
		{68F17DA8-6FFF-4465-9002-757527EF0770}.Release|x64.Build.0 = Release|x64
		{68F17DA8-6FFF-4465-9002-757527EF0770}.Release|x86.ActiveCfg = Release|Win32
		{68F17DA8-6FFF-4465-9002-757527EF0770}.Release|x86.Build.0 = Release|Win32
		{1FE1124B-F59B-41B3-88CE-D4A93D325168}.Debug|x64.ActiveCfg = Debug|x64
		{1FE1124B-F59B-41B3-88CE-D4A93D325168}.Debug|x64.Build.0 = Debug|x64
		{1FE1124B-F59B-41B3-88CE-D4A93D325168}.Debug|x86.ActiveCfg = Debug|Win32
		{1FE1124B-F59B-41B3-88CE-D4A93D325168}.Debug|x86.Build.0 = Debug|Win32
		{1FE1124B-F59B-41B3-88CE-D4A93D325168}.Release|x64.ActiveCfg = Release|x64
		{1FE1124B-F59B-41B3-88CE-D4A93D325168}.Release|x64.Build.0 = Release|x64
		{1FE1124B-F59B-41B3-88CE-D4A93D325168}.Release|x86.ActiveCfg = Release|Win32
		{1FE1124B-F59B-41B3-88CE-D4A93D325168}.Release|x86.Build.0 = Release|Win32
		{24082827-6AAA-4292-A5F6-88F4B495F636}.Debug|x64.ActiveCfg = Debug|x64
		{24082827-6AAA-4292-A5F6-88F4B495F636}.Debug|x64.Build.0 = Debug|x64
		{24082827-6AAA-4292-A5F6-88F4B495F636}.Debug|x86.ActiveCfg = Debug|Win32
		{24082827-6AAA-4292-A5F6-88F4B495F636}.Debug|x86.Build.0 = Debug|Win32
		{24082827-6AAA-4292-A5F6-88F4B495F636}.Release|x64.ActiveCfg = Release|x64
		{24082827-6AAA-4292-A5F6-88F4B495F636}.Release|x64.Build.0 = Release|x64
		{24082827-6AAA-4292-A5F6-88F4B495F636}.Release|x86.ActiveCfg = Release|Win32
		{24082827-6AAA-4292-A5F6-88F4B495F636}.Release|x86.Build.0 = Release|Win32
		{0215C1E4-0336-44EA-A21E-0D677FE25AA0}.Debug|x64.ActiveCfg = Debug|x64
		{0215C1E4-0336-44EA-A21E-0D677FE25AA0}.Debug|x64.Build.0 = Debug|x64
		{0215C1E4-0336-44EA-A21E-0D677FE25AA0}.Debug|x86.ActiveCfg = Debug|Win32
		{0215C1E4-0336-44EA-A21E-0D677FE25AA0}.Debug|x86.Build.0 = Debug|Win32
		{0215C1E4-0336-44EA-A21E-0D677FE25AA0}.Release|x64.ActiveCfg = Release|x64
		{0215C1E4-0336-44EA-A21E-0D677FE25AA0}.Release|x64.Build.0 = Release|x64
		{0215C1E4-0336-44EA-A21E-0D677FE25AA0}.Release|x86.ActiveCfg = Release|Win32
		{0215C1E4-0336-44EA-A21E-0D677FE25AA0}.Release|x86.Build.0 = Release|Win32
		{04361D25-C1DD-4D83-BAB3-18CDB2E2D0C8}.Debug|x64.ActiveCfg = Debug|x64
		{04361D25-C1DD-4D83-BAB3-18CDB2E2D0C8}.Debug|x64.Build.0 = Debug|x64
		{04361D25-C1DD-4D83-BAB3-18CDB2E2D0C8}.Debug|x86.ActiveCfg = Debug|Win32
		{04361D25-C1DD-4D83-BAB3-18CDB2E2D0C8}.Debug|x86.Build.0 = Debug|Win32
		{04361D25-C1DD-4D83-BAB3-18CDB2E2D0C8}.Release|x64.ActiveCfg = Release|x64
		{04361D25-C1DD-4D83-BAB3-18CDB2E2D0C8}.Release|x64.Build.0 = Release|x64
		{04361D25-C1DD-4D83-BAB3-18CDB2E2D0C8}.Release|x86.ActiveCfg = Release|Win32
		{04361D25-C1DD-4D83-BAB3-18CDB2E2D0C8}.Release|x86.Build.0 = Release|Win32
		{17AEE419-BC3D-4C9B-A8E7-9E6278D5FAA0}.Debug|x64.ActiveCfg = Debug|x64
		{17AEE419-BC3D-4C9B-A8E7-9E6278D5FAA0}.Debug|x64.Build.0 = Debug|x64
		{17AEE419-BC3D-4C9B-A8E7-9E6278D5FAA0}.Debug|x86.ActiveCfg = Debug|Win32
		{17AEE419-BC3D-4C9B-A8E7-9E6278D5FAA0}.Debug|x86.Build.0 = Debug|Win32
		{17AEE419-BC3D-4C9B-A8E7-9E6278D5FAA0}.Release|x64.ActiveCfg = Release|x64
		{17AEE419-BC3D-4C9B-A8E7-9E6278D5FAA0}.Release|x64.Build.0 = Release|x64
		{17AEE419-BC3D-4C9B-A8E7-9E6278D5FAA0}.Release|x86.ActiveCfg = Release|Win32
		{17AEE419-BC3D-4C9B-A8E7-9E6278D5FAA0}.Release|x86.Build.0 = Release|Win32
		{3D404318-CB11-4520-82F1-7F32584407F1}.Debug|x64.ActiveCfg = Debug|x64
		{3D404318-CB11-4520-82F1-7F32584407F1}.Debug|x64.Build.0 = Debug|x64
		{3D404318-CB11-4520-82F1-7F32584407F1}.Debug|x86.ActiveCfg = Debug|Win32
		{3D404318-CB11-4520-82F1-7F32584407F1}.Debug|x86.Build.0 = Debug|Win32
		{3D404318-CB11-4520-82F1-7F32584407F1}.Release|x64.ActiveCfg = Release|x64
		{3D404318-CB11-4520-82F1-7F32584407F1}.Release|x64.Build.0 = Release|x64
		{3D404318-CB11-4520-82F1-7F32584407F1}.Release|x86.ActiveCfg = Release|Win32
		{3D404318-CB11-4520-82F1-7F32584407F1}.Release|x86.Build.0 = Release|Win32
		{B5D80871-7C17-45CC-899E-7AAE930BCA24}.Debug|x64.ActiveCfg = Debug|x64
		{B5D80871-7C17-45CC-899E-7AAE930BCA24}.Debug|x64.Build.0 = Debug|x64
		{B5D80871-7C17-45CC-899E-7AAE930BCA24}.Debug|x86.ActiveCfg = Debug|Win32
		{B5D80871-7C17-45CC-899E-7AAE930BCA24}.Debug|x86.Build.0 = Debug|Win32
		{B5D80871-7C17-45CC-899E-7AAE930BCA24}.Release|x64.ActiveCfg = Release|x64
		{B5D80871-7C17-45CC-899E-7AAE930BCA24}.Release|x64.Build.0 = Release|x64
		{B5D80871-7C17-45CC-899E-7AAE930BCA24}.Release|x86.ActiveCfg = Release|Win32
		{B5D80871-7C17-45CC-899E-7AAE930BCA24}.Release|x86.Build.0 = Release|Win32
		{E69664EA-B6BA-4CF7-A850-8E02852A7C98}.Debug|x64.ActiveCfg = Debug|x64
		{E69664EA-B6BA-4CF7-A850-8E02852A7C98}.Debug|x64.Build.0 = Debug|x64
		{E69664EA-B6BA-4CF7-A850-8E02852A7C98}.Debug|x86.ActiveCfg = Debug|Win32
		{E69664EA-B6BA-4CF7-A850-8E02852A7C98}.Debug|x86.Build.0 = Debug|Win32
		{E69664EA-B6BA-4CF7-A850-8E02852A7C98}.Release|x64.ActiveCfg = Release|x64
		{E69664EA-B6BA-4CF7-A850-8E02852A7C98}.Release|x64.Build.0 = Release|x64
		{E69664EA-B6BA-4CF7-A850-8E02852A7C98}.Release|x86.ActiveCfg = Release|Win32
		{E69664EA-B6BA-4CF7-A850-8E02852A7C98}.Release|x86.Build.0 = Release|Win32
		{7CC74ABA-9623-4CC7-B327-1DA1D5F44E32}.Debug|x64.ActiveCfg = Debug|x64
		{7CC74ABA-9623-4CC7-B327-1DA1D5F44E32}.Debug|x64.Build.0 = Debug|x64
		{7CC74ABA-9623-4CC7-B327-1DA1D5F44E32}.Debug|x86.ActiveCfg = Debug|Win32
		{7CC74ABA-9623-4CC7-B327-1DA1D5F44E32}.Debug|x86.Build.0 = Debug|Win32
		{7CC74ABA-9623-4CC7-B327-1DA1D5F44E32}.Release|x64.ActiveCfg = Release|x64
		{7CC74ABA-9623-4CC7-B327-1DA1D5F44E32}.Release|x64.Build.0 = Release|x64
		{7CC74ABA-9623-4CC7-B327-1DA1D5F44E32}.Release|x86.ActiveCfg = Release|Win32
		{7CC74ABA-9623-4CC7-B327-1DA1D5F44E32}.Release|x86.Build.0 = Release|Win32
		{0DB0004B-23F8-4E9D-8105-D5763946CA46}.Debug|x64.ActiveCfg = Debug|x64
		{0DB0004B-23F8-4E9D-8105-D5763946CA46}.Debug|x64.Build.0 = Debug|x64
		{0DB0004B-23F8-4E9D-8105-D5763946CA46}.Debug|x86.ActiveCfg = Debug|Win32
		{0DB0004B-23F8-4E9D-8105-D5763946CA46}.Debug|x86.Build.0 = Debug|Win32
		{0DB0004B-23F8-4E9D-8105-D5763946CA46}.Release|x64.ActiveCfg = Release|x64
		{0DB0004B-23F8-4E9D-8105-D5763946CA46}.Release|x64.Build.0 = Release|x64
		{0DB0004B-23F8-4E9D-8105-D5763946CA46}.Release|x86.ActiveCfg = Release|Win32
		{0DB0004B-23F8-4E9D-8105-D5763946CA46}.Release|x86.Build.0 = Release|Win32
		{4383C40D-8674-4E0B-9BB0-7FCEE37DD438}.Debug|x64.ActiveCfg = Debug|x64
		{4383C40D-8674-4E0B-9BB0-7FCEE37DD438}.Debug|x64.Build.0 = Debug|x64
		{4383C40D-8674-4E0B-9BB0-7FCEE37DD438}.Debug|x86.ActiveCfg = Debug|Win32
		{4383C40D-8674-4E0B-9BB0-7FCEE37DD438}.Debug|x86.Build.0 = Debug|Win32
		{4383C40D-8674-4E0B-9BB0-7FCEE37DD438}.Release|x64.ActiveCfg = Release|x64
		{4383C40D-8674-4E0B-9BB0-7FCEE37DD438}.Release|x64.Build.0 = Release|x64
		{4383C40D-8674-4E0B-9BB0-7FCEE37DD438}.Release|x86.ActiveCfg = Release|Win32
		{4383C40D-8674-4E0B-9BB0-7FCEE37DD438}.Release|x86.Build.0 = Release|Win32
		{0CD1CA5F-7E07-4BA3-B4FB-39C2A70055CB}.Debug|x64.ActiveCfg = Debug|x64
		{0CD1CA5F-7E07-4BA3-B4FB-39C2A70055CB}.Debug|x64.Build.0 = Debug|x64
		{0CD1CA5F-7E07-4BA3-B4FB-39C2A70055CB}.Debug|x86.ActiveCfg = Debug|Win32
		{0CD1CA5F-7E07-4BA3-B4FB-39C2A70055CB}.Debug|x86.Build.0 = Debug|Win32
		{0CD1CA5F-7E07-4BA3-B4FB-39C2A70055CB}.Release|x64.ActiveCfg = Release|x64
		{0CD1CA5F-7E07-4BA3-B4FB-39C2A70055CB}.Release|x64.Build.0 = Release|x64
		{0CD1CA5F-7E07-4BA3-B4FB-39C2A70055CB}.Release|x86.ActiveCfg = Release|Win32
		{0CD1CA5F-7E07-4BA3-B4FB-39C2A70055CB}.Release|x86.Build.0 = Release|Win32
		{2A81B040-92C7-4955-A32C-A653B9E62E03}.Debug|x64.ActiveCfg = Debug|x64
		{2A81B040-92C7-4955-A32C-A653B9E62E03}.Debug|x64.Build.0 = Debug|x64
		{2A81B040-92C7-4955-A32C-A653B9E62E03}.Debug|x86.ActiveCfg = Debug|Win32
		{2A81B040-92C7-4955-A32C-A653B9E62E03}.Debug|x86.Build.0 = Debug|Win32
		{2A81B040-92C7-4955-A32C-A653B9E62E03}.Release|x64.ActiveCfg = Release|x64
		{2A81B040-92C7-4955-A32C-A653B9E62E03}.Release|x64.Build.0 = Release|x64
		{2A81B040-92C7-4955-A32C-A653B9E62E03}.Release|x86.ActiveCfg = Release|Win32
		{2A81B040-92C7-4955-A32C-A653B9E62E03}.Release|x86.Build.0 = Release|Win32
		{39335BF2-C519-4118-A613-D1D5D7D9C465}.Debug|x64.ActiveCfg = Debug|x64
		{39335BF2-C519-4118-A613-D1D5D7D9C465}.Debug|x64.Build.0 = Debug|x64
		{39335BF2-C519-4118-A613-D1D5D7D9C465}.Debug|x86.ActiveCfg = Debug|Win32
		{39335BF2-C519-4118-A613-D1D5D7D9C465}.Debug|x86.Build.0 = Debug|Win32
		{39335BF2-C519-4118-A613-D1D5D7D9C465}.Release|x64.ActiveCfg = Release|x64
		{39335BF2-C519-4118-A613-D1D5D7D9C465}.Release|x64.Build.0 = Release|x64
		{39335BF2-C519-4118-A613-D1D5D7D9C465}.Release|x86.ActiveCfg = Release|Win32
		{39335BF2-C519-4118-A613-D1D5D7D9C465}.Release|x86.Build.0 = Release|Win32
		{4E9DE649-FE40-414A-866C-BF9351193598}.Debug|x64.ActiveCfg = Debug|x64
		{4E9DE649-FE40-414A-866C-BF9351193598}.Debug|x64.Build.0 = Debug|x64
		{4E9DE649-FE40-414A-866C-BF9351193598}.Debug|x86.ActiveCfg = Debug|Win32
		{4E9DE649-FE40-414A-866C-BF9351193598}.Debug|x86.Build.0 = Debug|Win32
		{4E9DE649-FE40-414A-866C-BF9351193598}.Release|x64.ActiveCfg = Release|x64
		{4E9DE649-FE40-414A-866C-BF9351193598}.Release|x64.Build.0 = Release|x64
		{4E9DE649-FE40-414A-866C-BF9351193598}.Release|x86.ActiveCfg = Release|Win32
		{4E9DE649-FE40-414A-866C-BF9351193598}.Release|x86.Build.0 = Release|Win32
		{45752B61-0865-4B6F-9787-B47E7D9B62E0}.Debug|x64.ActiveCfg = Debug|x64
		{45752B61-0865-4B6F-9787-B47E7D9B62E0}.Debug|x64.Build.0 = Debug|x64
		{45752B61-0865-4B6F-9787-B47E7D9B62E0}.Debug|x86.ActiveCfg = Debug|Win32
		{45752B61-0865-4B6F-9787-B47E7D9B62E0}.Debug|x86.Build.0 = Debug|Win32
		{45752B61-0865-4B6F-9787-B47E7D9B62E0}.Release|x64.ActiveCfg = Release|x64
		{45752B61-0865-4B6F-9787-B47E7D9B62E0}.Release|x64.Build.0 = Release|x64
		{45752B61-0865-4B6F-9787-B47E7D9B62E0}.Release|x86.ActiveCfg = Release|Win32
		{45752B61-0865-4B6F-9787-B47E7D9B62E0}.Release|x86.Build.0 = Release|Win32
		{388CC169-26B2-4373-9598-AC02C90B4254}.Debug|x64.ActiveCfg = Debug|x64
		{388CC169-26B2-4373-9598-AC02C90B4254}.Debug|x64.Build.0 = Debug|x64
		{388CC169-26B2-4373-9598-AC02C90B4254}.Debug|x86.ActiveCfg = Debug|Win32
		{388CC169-26B2-4373-9598-AC02C90B4254}.Debug|x86.Build.0 = Debug|Win32
		{388CC169-26B2-4373-9598-AC02C90B4254}.Release|x64.ActiveCfg = Release|x64
		{388CC169-26B2-4373-9598-AC02C90B4254}.Release|x64.Build.0 = Release|x64
		{388CC169-26B2-4373-9598-AC02C90B4254}.Release|x86.ActiveCfg = Release|Win32
		{388CC169-26B2-4373-9598-AC02C90B4254}.Release|x86.Build.0 = Release|Win32
		{485EDD78-2917-498F-AF06-43291008B218}.Debug|x64.ActiveCfg = Debug|x64
		{485EDD78-2917-498F-AF06-43291008B218}.Debug|x64.Build.0 = Debug|x64
		{485EDD78-2917-498F-AF06-43291008B218}.Debug|x86.ActiveCfg = Debug|Win32
		{485EDD78-2917-498F-AF06-43291008B218}.Debug|x86.Build.0 = Debug|Win32
		{485EDD78-2917-498F-AF06-43291008B218}.Release|x64.ActiveCfg = Release|x64
		{485EDD78-2917-498F-AF06-43291008B218}.Release|x64.Build.0 = Release|x64
		{485EDD78-2917-498F-AF06-43291008B218}.Release|x86.ActiveCfg = Release|Win32
		{485EDD78-2917-498F-AF06-43291008B218}.Release|x86.Build.0 = Release|Win32
		{EFEF4624-7D5A-45C4-BA8F-27C1C6BED493}.Debug|x64.ActiveCfg = Debug|x64
		{EFEF4624-7D5A-45C4-BA8F-27C1C6BED493}.Debug|x64.Build.0 = Debug|x64
		{EFEF4624-7D5A-45C4-BA8F-27C1C6BED493}.Debug|x86.ActiveCfg = Debug|Win32
		{EFEF4624-7D5A-45C4-BA8F-27C1C6BED493}.Debug|x86.Build.0 = Debug|Win32
		{EFEF4624-7D5A-45C4-BA8F-27C1C6BED493}.Release|x64.ActiveCfg = Release|x64
		{EFEF4624-7D5A-45C4-BA8F-27C1C6BED493}.Release|x64.Build.0 = Release|x64
		{EFEF4624-7D5A-45C4-BA8F-27C1C6BED493}.Release|x86.ActiveCfg = Release|Win32
		{EFEF4624-7D5A-45C4-BA8F-27C1C6BED493}.Release|x86.Build.0 = Release|Win32
		{26F99E5A-1357-4F76-A0EB-F117B65D1C6F}.Debug|x64.ActiveCfg = Debug|x64
		{26F99E5A-1357-4F76-A0EB-F117B65D1C6F}.Debug|x64.Build.0 = Debug|x64
		{26F99E5A-1357-4F76-A0EB-F117B65D1C6F}.Debug|x86.ActiveCfg = Debug|Win32
		{26F99E5A-1357-4F76-A0EB-F117B65D1C6F}.Debug|x86.Build.0 = Debug|Win32
		{26F99E5A-1357-4F76-A0EB-F117B65D1C6F}.Release|x64.ActiveCfg = Release|x64
		{26F99E5A-1357-4F76-A0EB-F117B65D1C6F}.Release|x64.Build.0 = Release|x64
		{26F99E5A-1357-4F76-A0EB-F117B65D1C6F}.Release|x86.ActiveCfg = Release|Win32
		{26F99E5A-1357-4F76-A0EB-F117B65D1C6F}.Release|x86.Build.0 = Release|Win32
		{A352056B-2F64-48C5-90D8-353CBEBD9709}.Debug|x64.ActiveCfg = Debug|x64
		{A352056B-2F64-48C5-90D8-353CBEBD9709}.Debug|x64.Build.0 = Debug|x64
		{A352056B-2F64-48C5-90D8-353CBEBD9709}.Debug|x86.ActiveCfg = Debug|Win32
		{A352056B-2F64-48C5-90D8-353CBEBD9709}.Debug|x86.Build.0 = Debug|Win32
		{A352056B-2F64-48C5-90D8-353CBEBD9709}.Release|x64.ActiveCfg = Release|x64
		{A352056B-2F64-48C5-90D8-353CBEBD9709}.Release|x64.Build.0 = Release|x64
		{A352056B-2F64-48C5-90D8-353CBEBD9709}.Release|x86.ActiveCfg = Release|Win32
		{A352056B-2F64-48C5-90D8-353CBEBD9709}.Release|x86.Build.0 = Release|Win32
		{22294249-758E-4B1A-A148-FE1D195C6C73}.Debug|x64.ActiveCfg = Debug|x64
		{22294249-758E-4B1A-A148-FE1D195C6C73}.Debug|x64.Build.0 = Debug|x64
		{22294249-758E-4B1A-A148-FE1D195C6C73}.Debug|x86.ActiveCfg = Debug|Win32
		{22294249-758E-4B1A-A148-FE1D195C6C73}.Debug|x86.Build.0 = Debug|Win32
		{22294249-758E-4B1A-A148-FE1D195C6C73}.Release|x64.ActiveCfg = Release|x64
		{22294249-758E-4B1A-A148-FE1D195C6C73}.Release|x64.Build.0 = Release|x64
		{22294249-758E-4B1A-A148-FE1D195C6C73}.Release|x86.ActiveCfg = Release|Win32
		{22294249-758E-4B1A-A148-FE1D195C6C73}.Release|x86.Build.0 = Release|Win32
		{03FD543A-A2C2-4F63-9811-B7B92F3F72F7}.Debug|x64.ActiveCfg = Debug|x64
		{03FD543A-A2C2-4F63-9811-B7B92F3F72F7}.Debug|x64.Build.0 = Debug|x64
		{03FD543A-A2C2-4F63-9811-B7B92F3F72F7}.Debug|x86.ActiveCfg = Debug|Win32
		{03FD543A-A2C2-4F63-9811-B7B92F3F72F7}.Debug|x86.Build.0 = Debug|Win32
		{03FD543A-A2C2-4F63-9811-B7B92F3F72F7}.Release|x64.ActiveCfg = Release|x64
		{03FD543A-A2C2-4F63-9811-B7B92F3F72F7}.Release|x64.Build.0 = Release|x64
		{03FD543A-A2C2-4F63-9811-B7B92F3F72F7}.Release|x86.ActiveCfg = Release|Win32
		{03FD543A-A2C2-4F63-9811-B7B92F3F72F7}.Release|x86.Build.0 = Release|Win32
		{E7C15366-F91C-4F5A-B3A4-0EF2850FA613}.Debug|x64.ActiveCfg = Debug|x64
		{E7C15366-F91C-4F5A-B3A4-0EF2850FA613}.Debug|x64.Build.0 = Debug|x64
		{E7C15366-F91C-4F5A-B3A4-0EF2850FA613}.Debug|x86.ActiveCfg = Debug|Win32
		{E7C15366-F91C-4F5A-B3A4-0EF2850FA613}.Debug|x86.Build.0 = Debug|Win32
		{E7C15366-F91C-4F5A-B3A4-0EF2850FA613}.Release|x64.ActiveCfg = Release|x64
		{E7C15366-F91C-4F5A-B3A4-0EF2850FA613}.Release|x64.Build.0 = Release|x64
		{E7C15366-F91C-4F5A-B3A4-0EF2850FA613}.Release|x86.ActiveCfg = Release|Win32
		{E7C15366-F91C-4F5A-B3A4-0EF2850FA613}.Release|x86.Build.0 = Release|Win32
		{114D13F0-4DD3-44BA-9F57-FAF1E4B1562A}.Debug|x64.ActiveCfg = Debug|x64
		{114D13F0-4DD3-44BA-9F57-FAF1E4B1562A}.Debug|x64.Build.0 = Debug|x64
		{114D13F0-4DD3-44BA-9F57-FAF1E4B1562A}.Debug|x86.ActiveCfg = Debug|Win32
		{114D13F0-4DD3-44BA-9F57-FAF1E4B1562A}.Debug|x86.Build.0 = Debug|Win32
		{114D13F0-4DD3-44BA-9F57-FAF1E4B1562A}.Release|x64.ActiveCfg = Release|x64
		{114D13F0-4DD3-44BA-9F57-FAF1E4B1562A}.Release|x64.Build.0 = Release|x64
		{114D13F0-4DD3-44BA-9F57-FAF1E4B1562A}.Release|x86.ActiveCfg = Release|Win32
		{114D13F0-4DD3-44BA-9F57-FAF1E4B1562A}.Release|x86.Build.0 = Release|Win32
		{AE0F67E8-2AB8-47F5-ADCA-073FD8F3F73E}.Debug|x64.ActiveCfg = Debug|x64
		{AE0F67E8-2AB8-47F5-ADCA-073FD8F3F73E}.Debug|x64.Build.0 = Debug|x64
		{AE0F67E8-2AB8-47F5-ADCA-073FD8F3F73E}.Debug|x86.ActiveCfg = Debug|Win32
		{AE0F67E8-2AB8-47F5-ADCA-073FD8F3F73E}.Debug|x86.Build.0 = Debug|Win32
		{AE0F67E8-2AB8-47F5-ADCA-073FD8F3F73E}.Release|x64.ActiveCfg = Release|x64
		{AE0F67E8-2AB8-47F5-ADCA-073FD8F3F73E}.Release|x64.Build.0 = Release|x64
		{AE0F67E8-2AB8-47F5-ADCA-073FD8F3F73E}.Release|x86.ActiveCfg = Release|Win32
		{AE0F67E8-2AB8-47F5-ADCA-073FD8F3F73E}.Release|x86.Build.0 = Release|Win32
		{19B368B6-CF8A-495C-A847-5D130FEE5ED5}.Debug|x64.ActiveCfg = Debug|x64
		{19B368B6-CF8A-495C-A847-5D130FEE5ED5}.Debug|x64.Build.0 = Debug|x64
		{19B368B6-CF8A-495C-A847-5D130FEE5ED5}.Debug|x86.ActiveCfg = Debug|Win32
		{19B368B6-CF8A-495C-A847-5D130FEE5ED5}.Debug|x86.Build.0 = Debug|Win32
		{19B368B6-CF8A-495C-A847-5D130FEE5ED5}.Release|x64.ActiveCfg = Release|x64
		{19B368B6-CF8A-495C-A847-5D130FEE5ED5}.Release|x64.Build.0 = Release|x64
		{19B368B6-CF8A-495C-A847-5D130FEE5ED5}.Release|x86.ActiveCfg = Release|Win32
		{19B368B6-CF8A-495C-A847-5D130FEE5ED5}.Release|x86.Build.0 = Release|Win32
		{79BD9B79-0EBE-4544-B977-C01C27489E41}.Debug|x64.ActiveCfg = Debug|x64
		{79BD9B79-0EBE-4544-B977-C01C27489E41}.Debug|x64.Build.0 = Debug|x64
		{79BD9B79-0EBE-4544-B977-C01C27489E41}.Debug|x86.ActiveCfg = Debug|Win32
		{79BD9B79-0EBE-4544-B977-C01C27489E41}.Debug|x86.Build.0 = Debug|Win32
		{79BD9B79-0EBE-4544-B977-C01C27489E41}.Release|x64.ActiveCfg = Release|x64
		{79BD9B79-0EBE-4544-B977-C01C27489E41}.Release|x64.Build.0 = Release|x64
		{79BD9B79-0EBE-4544-B977-C01C27489E41}.Release|x86.ActiveCfg = Release|Win32
		{79BD9B79-0EBE-4544-B977-C01C27489E41}.Release|x86.Build.0 = Release|Win32
		{208E0D69-6743-4F79-A986-6225F07B4C65}.Debug|x64.ActiveCfg = Debug|x64
		{208E0D69-6743-4F79-A986-6225F07B4C65}.Debug|x64.Build.0 = Debug|x64
		{208E0D69-6743-4F79-A986-6225F07B4C65}.Debug|x86.ActiveCfg = Debug|Win32
		{208E0D69-6743-4F79-A986-6225F07B4C65}.Debug|x86.Build.0 = Debug|Win32
		{208E0D69-6743-4F79-A986-6225F07B4C65}.Release|x64.ActiveCfg = Release|x64
		{208E0D69-6743-4F79-A986-6225F07B4C65}.Release|x64.Build.0 = Release|x64
		{208E0D69-6743-4F79-A986-6225F07B4C65}.Release|x86.ActiveCfg = Release|Win32
		{208E0D69-6743-4F79-A986-6225F07B4C65}.Release|x86.Build.0 = Release|Win32
		{9D6934FE-0049-4F36-A141-E39789B2F0E9}.Debug|x64.ActiveCfg = Debug|x64
		{9D6934FE-0049-4F36-A141-E39789B2F0E9}.Debug|x64.Build.0 = Debug|x64
		{9D6934FE-0049-4F36-A141-E39789B2F0E9}.Debug|x86.ActiveCfg = Debug|Win32
		{9D6934FE-0049-4F36-A141-E39789B2F0E9}.Debug|x86.Build.0 = Debug|Win32
		{9D6934FE-0049-4F36-A141-E39789B2F0E9}.Release|x64.ActiveCfg = Release|x64
		{9D6934FE-0049-4F36-A141-E39789B2F0E9}.Release|x64.Build.0 = Release|x64
		{9D6934FE-0049-4F36-A141-E39789B2F0E9}.Release|x86.ActiveCfg = Release|Win32
		{9D6934FE-0049-4F36-A141-E39789B2F0E9}.Release|x86.Build.0 = Release|Win32
		{E011D001-231C-42F3-A4BF-A6AD735F709F}.Debug|x64.ActiveCfg = Debug|x64
		{E011D001-231C-42F3-A4BF-A6AD735F709F}.Debug|x64.Build.0 = Debug|x64
		{E011D001-231C-42F3-A4BF-A6AD735F709F}.Debug|x86.ActiveCfg = Debug|Win32
		{E011D001-231C-42F3-A4BF-A6AD735F709F}.Debug|x86.Build.0 = Debug|Win32
		{E011D001-231C-42F3-A4BF-A6AD735F709F}.Release|x64.ActiveCfg = Release|x64
		{E011D001-231C-42F3-A4BF-A6AD735F709F}.Release|x64.Build.0 = Release|x64
		{E011D001-231C-42F3-A4BF-A6AD735F709F}.Release|x86.ActiveCfg = Release|Win32
		{E011D001-231C-42F3-A4BF-A6AD735F709F}.Release|x86.Build.0 = Release|Win32
		{4CEE7110-6869-43B9-8CAA-573A7126F641}.Debug|x64.ActiveCfg = Debug|x64
		{4CEE7110-6869-43B9-8CAA-573A7126F641}.Debug|x64.Build.0 = Debug|x64
		{4CEE7110-6869-43B9-8CAA-573A7126F641}.Debug|x86.ActiveCfg = Debug|Win32
		{4CEE7110-6869-43B9-8CAA-573A7126F641}.Debug|x86.Build.0 = Debug|Win32
		{4CEE7110-6869-43B9-8CAA-573A7126F641}.Release|x64.ActiveCfg = Release|x64
		{4CEE7110-6869-43B9-8CAA-573A7126F641}.Release|x64.Build.0 = Release|x64
		{4CEE7110-6869-43B9-8CAA-573A7126F641}.Release|x86.ActiveCfg = Release|Win32
		{4CEE7110-6869-43B9-8CAA-573A7126F641}.Release|x86.Build.0 = Release|Win32
		{9039A147-FEA8-4A24-AD53-1674F42E5664}.Debug|x64.ActiveCfg = Debug|x64
		{9039A147-FEA8-4A24-AD53-1674F42E5664}.Debug|x64.Build.0 = Debug|x64
		{9039A147-FEA8-4A24-AD53-1674F42E5664}.Debug|x86.ActiveCfg = Debug|Win32
		{9039A147-FEA8-4A24-AD53-1674F42E5664}.Debug|x86.Build.0 = Debug|Win32
		{9039A147-FEA8-4A24-AD53-1674F42E5664}.Release|x64.ActiveCfg = Release|x64
		{9039A147-FEA8-4A24-AD53-1674F42E5664}.Release|x64.Build.0 = Release|x64
		{9039A147-FEA8-4A24-AD53-1674F42E5664}.Release|x86.ActiveCfg = Release|Win32
		{9039A147-FEA8-4A24-AD53-1674F42E5664}.Release|x86.Build.0 = Release|Win32
		{0B250A19-6D7E-49A8-BEE9-5EA15617C073}.Debug|x64.ActiveCfg = Debug|x64
		{0B250A19-6D7E-49A8-BEE9-5EA15617C073}.Debug|x64.Build.0 = Debug|x64
		{0B250A19-6D7E-49A8-BEE9-5EA15617C073}.Debug|x86.ActiveCfg = Debug|Win32
		{0B250A19-6D7E-49A8-BEE9-5EA15617C073}.Debug|x86.Build.0 = Debug|Win32
		{0B250A19-6D7E-49A8-BEE9-5EA15617C073}.Release|x64.ActiveCfg = Release|x64
		{0B250A19-6D7E-49A8-BEE9-5EA15617C073}.Release|x64.Build.0 = Release|x64
		{0B250A19-6D7E-49A8-BEE9-5EA15617C073}.Release|x86.ActiveCfg = Release|Win32
		{0B250A19-6D7E-49A8-BEE9-5EA15617C073}.Release|x86.Build.0 = Release|Win32
		{B4603941-8D8C-40B5-8CD6-F6B50B6324B3}.Debug|x64.ActiveCfg = Debug|x64
		{B4603941-8D8C-40B5-8CD6-F6B50B6324B3}.Debug|x64.Build.0 = Debug|x64
		{B4603941-8D8C-40B5-8CD6-F6B50B6324B3}.Debug|x86.ActiveCfg = Debug|Win32
		{B4603941-8D8C-40B5-8CD6-F6B50B6324B3}.Debug|x86.Build.0 = Debug|Win32
		{B4603941-8D8C-40B5-8CD6-F6B50B6324B3}.Release|x64.ActiveCfg = Release|x64
		{B4603941-8D8C-40B5-8CD6-F6B50B6324B3}.Release|x64.Build.0 = Release|x64
		{B4603941-8D8C-40B5-8CD6-F6B50B6324B3}.Release|x86.ActiveCfg = Release|Win32
		{B4603941-8D8C-40B5-8CD6-F6B50B6324B3}.Release|x86.Build.0 = Release|Win32
		{F8F22780-72FD-4612-BF6C-0908872DDC7B}.Debug|x64.ActiveCfg = Debug|x64
		{F8F22780-72FD-4612-BF6C-0908872DDC7B}.Debug|x64.Build.0 = Debug|x64
		{F8F22780-72FD-4612-BF6C-0908872DDC7B}.Debug|x86.ActiveCfg = Debug|Win32
		{F8F22780-72FD-4612-BF6C-0908872DDC7B}.Debug|x86.Build.0 = Debug|Win32
		{F8F22780-72FD-4612-BF6C-0908872DDC7B}.Release|x64.ActiveCfg = Release|x64
		{F8F22780-72FD-4612-BF6C-0908872DDC7B}.Release|x64.Build.0 = Release|x64
		{F8F22780-72FD-4612-BF6C-0908872DDC7B}.Release|x86.ActiveCfg = Release|Win32
		{F8F22780-72FD-4612-BF6C-0908872DDC7B}.Release|x86.Build.0 = Release|Win32
		{DF7CCE75-C0B5-441B-BDD3-7A8C3EF881BD}.Debug|x64.ActiveCfg = Debug|x64
		{DF7CCE75-C0B5-441B-BDD3-7A8C3EF881BD}.Debug|x64.Build.0 = Debug|x64
		{DF7CCE75-C0B5-441B-BDD3-7A8C3EF881BD}.Debug|x86.ActiveCfg = Debug|Win32
		{DF7CCE75-C0B5-441B-BDD3-7A8C3EF881BD}.Debug|x86.Build.0 = Debug|Win32
		{DF7CCE75-C0B5-441B-BDD3-7A8C3EF881BD}.Release|x64.ActiveCfg = Release|x64
		{DF7CCE75-C0B5-441B-BDD3-7A8C3EF881BD}.Release|x64.Build.0 = Release|x64
		{DF7CCE75-C0B5-441B-BDD3-7A8C3EF881BD}.Release|x86.ActiveCfg = Release|Win32
		{DF7CCE75-C0B5-441B-BDD3-7A8C3EF881BD}.Release|x86.Build.0 = Release|Win32
		{0FFF0A25-3E44-4ADD-834A-0D277245211B}.Debug|x64.ActiveCfg = Debug|x64
		{0FFF0A25-3E44-4ADD-834A-0D277245211B}.Debug|x64.Build.0 = Debug|x64
		{0FFF0A25-3E44-4ADD-834A-0D277245211B}.Debug|x86.ActiveCfg = Debug|Win32
		{0FFF0A25-3E44-4ADD-834A-0D277245211B}.Debug|x86.Build.0 = Debug|Win32
		{0FFF0A25-3E44-4ADD-834A-0D277245211B}.Release|x64.ActiveCfg = Release|x64
		{0FFF0A25-3E44-4ADD-834A-0D277245211B}.Release|x64.Build.0 = Release|x64
		{0FFF0A25-3E44-4ADD-834A-0D277245211B}.Release|x86.ActiveCfg = Release|Win32
		{0FFF0A25-3E44-4ADD-834A-0D277245211B}.Release|x86.Build.0 = Release|Win32
		{F8EF4F47-BC93-4326-A163-9601575A1A47}.Debug|x64.ActiveCfg = Debug|x64
		{F8EF4F47-BC93-4326-A163-9601575A1A47}.Debug|x64.Build.0 = Debug|x64
		{F8EF4F47-BC93-4326-A163-9601575A1A47}.Debug|x86.ActiveCfg = Debug|Win32
		{F8EF4F47-BC93-4326-A163-9601575A1A47}.Debug|x86.Build.0 = Debug|Win32
		{F8EF4F47-BC93-4326-A163-9601575A1A47}.Release|x64.ActiveCfg = Release|x64
		{F8EF4F47-BC93-4326-A163-9601575A1A47}.Release|x64.Build.0 = Release|x64
		{F8EF4F47-BC93-4326-A163-9601575A1A47}.Release|x86.ActiveCfg = Release|Win32
		{F8EF4F47-BC93-4326-A163-9601575A1A47}.Release|x86.Build.0 = Release|Win32
		{F5070CBD-48C7-46A6-9A0A-EC358F16FB8A}.Debug|x64.ActiveCfg = Debug|x64
		{F5070CBD-48C7-46A6-9A0A-EC358F16FB8A}.Debug|x64.Build.0 = Debug|x64
		{F5070CBD-48C7-46A6-9A0A-EC358F16FB8A}.Debug|x86.ActiveCfg = Debug|Win32
		{F5070CBD-48C7-46A6-9A0A-EC358F16FB8A}.Debug|x86.Build.0 = Debug|Win32
		{F5070CBD-48C7-46A6-9A0A-EC358F16FB8A}.Release|x64.ActiveCfg = Release|x64
		{F5070CBD-48C7-46A6-9A0A-EC358F16FB8A}.Release|x64.Build.0 = Release|x64
		{F5070CBD-48C7-46A6-9A0A-EC358F16FB8A}.Release|x86.ActiveCfg = Release|Win32
		{F5070CBD-48C7-46A6-9A0A-EC358F16FB8A}.Release|x86.Build.0 = Release|Win32
		{BDFC4FEC-7BE9-4B9F-80A4-004A26923D32}.Debug|x64.ActiveCfg = Debug|x64
		{BDFC4FEC-7BE9-4B9F-80A4-004A26923D32}.Debug|x64.Build.0 = Debug|x64
		{BDFC4FEC-7BE9-4B9F-80A4-004A26923D32}.Debug|x86.ActiveCfg = Debug|Win32
		{BDFC4FEC-7BE9-4B9F-80A4-004A26923D32}.Debug|x86.Build.0 = Debug|Win32
		{BDFC4FEC-7BE9-4B9F-80A4-004A26923D32}.Release|x64.ActiveCfg = Release|x64
		{BDFC4FEC-7BE9-4B9F-80A4-004A26923D32}.Release|x64.Build.0 = Release|x64
		{BDFC4FEC-7BE9-4B9F-80A4-004A26923D32}.Release|x86.ActiveCfg = Release|Win32
		{BDFC4FEC-7BE9-4B9F-80A4-004A26923D32}.Release|x86.Build.0 = Release|Win32
		{B84BEDA1-2D0C-4881-A959-A85E47277FBA}.Debug|x64.ActiveCfg = Debug|x64
		{B84BEDA1-2D0C-4881-A959-A85E47277FBA}.Debug|x64.Build.0 = Debug|x64
		{B84BEDA1-2D0C-4881-A959-A85E47277FBA}.Debug|x86.ActiveCfg = Debug|Win32
		{B84BEDA1-2D0C-4881-A959-A85E47277FBA}.Debug|x86.Build.0 = Debug|Win32
		{B84BEDA1-2D0C-4881-A959-A85E47277FBA}.Release|x64.ActiveCfg = Release|x64
		{B84BEDA1-2D0C-4881-A959-A85E47277FBA}.Release|x64.Build.0 = Release|x64
		{B84BEDA1-2D0C-4881-A959-A85E47277FBA}.Release|x86.ActiveCfg = Release|Win32
		{B84BEDA1-2D0C-4881-A959-A85E47277FBA}.Release|x86.Build.0 = Release|Win32
		{021E0109-7A90-41ED-8E61-EFEBC7624B51}.Debug|x64.ActiveCfg = Debug|x64
		{021E0109-7A90-41ED-8E61-EFEBC7624B51}.Debug|x64.Build.0 = Debug|x64
		{021E0109-7A90-41ED-8E61-EFEBC7624B51}.Debug|x86.ActiveCfg = Debug|Win32
		{021E0109-7A90-41ED-8E61-EFEBC7624B51}.Debug|x86.Build.0 = Debug|Win32
		{021E0109-7A90-41ED-8E61-EFEBC7624B51}.Release|x64.ActiveCfg = Release|x64
		{021E0109-7A90-41ED-8E61-EFEBC7624B51}.Release|x64.Build.0 = Release|x64
		{021E0109-7A90-41ED-8E61-EFEBC7624B51}.Release|x86.ActiveCfg = Release|Win32
		{021E0109-7A90-41ED-8E61-EFEBC7624B51}.Release|x86.Build.0 = Release|Win32
		{574CFFB3-8BBA-4320-BDA3-3B9B0D1ECDE0}.Debug|x64.ActiveCfg = Debug|x64
		{574CFFB3-8BBA-4320-BDA3-3B9B0D1ECDE0}.Debug|x64.Build.0 = Debug|x64
		{574CFFB3-8BBA-4320-BDA3-3B9B0D1ECDE0}.Debug|x86.ActiveCfg = Debug|Win32
		{574CFFB3-8BBA-4320-BDA3-3B9B0D1ECDE0}.Debug|x86.Build.0 = Debug|Win32
		{574CFFB3-8BBA-4320-BDA3-3B9B0D1ECDE0}.Release|x64.ActiveCfg = Release|x64
		{574CFFB3-8BBA-4320-BDA3-3B9B0D1ECDE0}.Release|x64.Build.0 = Release|x64
		{574CFFB3-8BBA-4320-BDA3-3B9B0D1ECDE0}.Release|x86.ActiveCfg = Release|Win32
		{574CFFB3-8BBA-4320-BDA3-3B9B0D1ECDE0}.Release|x86.Build.0 = Release|Win32
		{44B3A436-E8A5-453B-A497-ADAAC0E0D317}.Debug|x64.ActiveCfg = Debug|x64
		{44B3A436-E8A5-453B-A497-ADAAC0E0D317}.Debug|x64.Build.0 = Debug|x64
		{44B3A436-E8A5-453B-A497-ADAAC0E0D317}.Debug|x86.ActiveCfg = Debug|Win32
		{44B3A436-E8A5-453B-A497-ADAAC0E0D317}.Debug|x86.Build.0 = Debug|Win32
		{44B3A436-E8A5-453B-A497-ADAAC0E0D317}.Release|x64.ActiveCfg = Release|x64
		{44B3A436-E8A5-453B-A497-ADAAC0E0D317}.Release|x64.Build.0 = Release|x64
		{44B3A436-E8A5-453B-A497-ADAAC0E0D317}.Release|x86.ActiveCfg = Release|Win32
		{44B3A436-E8A5-453B-A497-ADAAC0E0D317}.Release|x86.Build.0 = Release|Win32
		{6F74D8D3-5BCD-4321-BDD7-D44C43BD75B4}.Debug|x64.ActiveCfg = Debug|x64
		{6F74D8D3-5BCD-4321-BDD7-D44C43BD75B4}.Debug|x64.Build.0 = Debug|x64
		{6F74D8D3-5BCD-4321-BDD7-D44C43BD75B4}.Debug|x86.ActiveCfg = Debug|Win32
		{6F74D8D3-5BCD-4321-BDD7-D44C43BD75B4}.Debug|x86.Build.0 = Debug|Win32
		{6F74D8D3-5BCD-4321-BDD7-D44C43BD75B4}.Release|x64.ActiveCfg = Release|x64
		{6F74D8D3-5BCD-4321-BDD7-D44C43BD75B4}.Release|x64.Build.0 = Release|x64
		{6F74D8D3-5BCD-4321-BDD7-D44C43BD75B4}.Release|x86.ActiveCfg = Release|Win32
		{6F74D8D3-5BCD-4321-BDD7-D44C43BD75B4}.Release|x86.Build.0 = Release|Win32
		{07CF2826-E5DB-4BEE-8BCA-0457B97709A3}.Debug|x64.ActiveCfg = Debug|x64
		{07CF2826-E5DB-4BEE-8BCA-0457B97709A3}.Debug|x64.Build.0 = Debug|x64
		{07CF2826-E5DB-4BEE-8BCA-0457B97709A3}.Debug|x86.ActiveCfg = Debug|Win32
		{07CF2826-E5DB-4BEE-8BCA-0457B97709A3}.Debug|x86.Build.0 = Debug|Win32
		{07CF2826-E5DB-4BEE-8BCA-0457B97709A3}.Release|x64.ActiveCfg = Release|x64
		{07CF2826-E5DB-4BEE-8BCA-0457B97709A3}.Release|x64.Build.0 = Release|x64
		{07CF2826-E5DB-4BEE-8BCA-0457B97709A3}.Release|x86.ActiveCfg = Release|Win32
		{07CF2826-E5DB-4BEE-8BCA-0457B97709A3}.Release|x86.Build.0 = Release|Win32
		{4921DA9C-13DE-4597-946A-337A2F3ABB21}.Debug|x64.ActiveCfg = Debug|x64
		{4921DA9C-13DE-4597-946A-337A2F3ABB21}.Debug|x64.Build.0 = Debug|x64
		{4921DA9C-13DE-4597-946A-337A2F3ABB21}.Debug|x86.ActiveCfg = Debug|Win32
		{4921DA9C-13DE-4597-946A-337A2F3ABB21}.Debug|x86.Build.0 = Debug|Win32
		{4921DA9C-13DE-4597-946A-337A2F3ABB21}.Release|x64.ActiveCfg = Release|x64
		{4921DA9C-13DE-4597-946A-337A2F3ABB21}.Release|x64.Build.0 = Release|x64
		{4921DA9C-13DE-4597-946A-337A2F3ABB21}.Release|x86.ActiveCfg = Release|Win32
		{4921DA9C-13DE-4597-946A-337A2F3ABB21}.Release|x86.Build.0 = Release|Win32
		{85B269A9-FBEA-494A-BED2-29AFF14F85AD}.Debug|x64.ActiveCfg = Debug|x64
		{85B269A9-FBEA-494A-BED2-29AFF14F85AD}.Debug|x64.Build.0 = Debug|x64
		{85B269A9-FBEA-494A-BED2-29AFF14F85AD}.Debug|x86.ActiveCfg = Debug|Win32
		{85B269A9-FBEA-494A-BED2-29AFF14F85AD}.Debug|x86.Build.0 = Debug|Win32
		{85B269A9-FBEA-494A-BED2-29AFF14F85AD}.Release|x64.ActiveCfg = Release|x64
		{85B269A9-FBEA-494A-BED2-29AFF14F85AD}.Release|x64.Build.0 = Release|x64
		{85B269A9-FBEA-494A-BED2-29AFF14F85AD}.Release|x86.ActiveCfg = Release|Win32
		{85B269A9-FBEA-494A-BED2-29AFF14F85AD}.Release|x86.Build.0 = Release|Win32
	EndGlobalSection
	GlobalSection(SolutionProperties) = preSolution
		HideSolutionNode = FALSE
	EndGlobalSection
	GlobalSection(NestedProjects) = preSolution
		{544B5CE9-E8DD-400A-A41D-561BCF53D4AA} = {81DA6164-9B34-4595-B2A7-E4286A3E7A4C}
		{44DED246-8680-412C-8911-B84EDB4E6921} = {81DA6164-9B34-4595-B2A7-E4286A3E7A4C}
		{C3652B75-557D-4D4B-8E63-670D06BD1956} = {81DA6164-9B34-4595-B2A7-E4286A3E7A4C}
		{3A146945-320B-4E02-B7F0-A2AC6848CD2C} = {F99BD808-DEB9-4ABA-A327-DE5EA6857D08}
		{798674E6-8A4A-4BAB-BDCC-248C89A1BF4B} = {F99BD808-DEB9-4ABA-A327-DE5EA6857D08}
		{F1D3E7A7-A158-421C-B914-85D024C1CFFA} = {F99BD808-DEB9-4ABA-A327-DE5EA6857D08}
		{4E6DAAEF-D65D-4784-9F49-436CA3F8B4A6} = {F99BD808-DEB9-4ABA-A327-DE5EA6857D08}
		{35BF9E15-3FE7-49F2-A376-235D6B6791AA} = {F99BD808-DEB9-4ABA-A327-DE5EA6857D08}
		{02F243F5-0967-4CD0-A5D2-6B73C86D733A} = {F99BD808-DEB9-4ABA-A327-DE5EA6857D08}
		{E713CD8E-2F76-4503-BA77-46B9CF509D40} = {F99BD808-DEB9-4ABA-A327-DE5EA6857D08}
		{0865BBA9-D551-450C-B0AD-589190A3E84F} = {F99BD808-DEB9-4ABA-A327-DE5EA6857D08}
		{40E2FBED-3DFB-4750-974F-B65A024B614B} = {F99BD808-DEB9-4ABA-A327-DE5EA6857D08}
		{A9C92E70-B128-4E21-9BD4-D74D038FAB65} = {F99BD808-DEB9-4ABA-A327-DE5EA6857D08}
		{50BFB589-D3AE-46DA-8791-204AC31BCC46} = {F99BD808-DEB9-4ABA-A327-DE5EA6857D08}
		{086F4E9C-895D-42D9-BE23-91BB8902C32E} = {F99BD808-DEB9-4ABA-A327-DE5EA6857D08}
		{294CCC46-A7B3-4B77-96C9-CEC2203C7662} = {F99BD808-DEB9-4ABA-A327-DE5EA6857D08}
		{19CE4438-1A00-445F-A3FC-54DDA059854A} = {F99BD808-DEB9-4ABA-A327-DE5EA6857D08}
		{AC9A1ACF-BA9C-4396-B20C-FA546A9DB5B0} = {F99BD808-DEB9-4ABA-A327-DE5EA6857D08}
		{6C243701-CB23-430E-B365-A95AAB756000} = {F99BD808-DEB9-4ABA-A327-DE5EA6857D08}
		{72A925E9-5581-4A14-9ABD-813EB1F72E2D} = {F99BD808-DEB9-4ABA-A327-DE5EA6857D08}
		{97F4DD20-6E0F-43B1-A320-F2CA6C8CE3A6} = {F99BD808-DEB9-4ABA-A327-DE5EA6857D08}
		{68F17DA8-6FFF-4465-9002-757527EF0770} = {F99BD808-DEB9-4ABA-A327-DE5EA6857D08}
		{1FE1124B-F59B-41B3-88CE-D4A93D325168} = {F99BD808-DEB9-4ABA-A327-DE5EA6857D08}
		{24082827-6AAA-4292-A5F6-88F4B495F636} = {F99BD808-DEB9-4ABA-A327-DE5EA6857D08}
		{0215C1E4-0336-44EA-A21E-0D677FE25AA0} = {F99BD808-DEB9-4ABA-A327-DE5EA6857D08}
		{04361D25-C1DD-4D83-BAB3-18CDB2E2D0C8} = {F99BD808-DEB9-4ABA-A327-DE5EA6857D08}
		{17AEE419-BC3D-4C9B-A8E7-9E6278D5FAA0} = {F99BD808-DEB9-4ABA-A327-DE5EA6857D08}
		{3D404318-CB11-4520-82F1-7F32584407F1} = {F99BD808-DEB9-4ABA-A327-DE5EA6857D08}
		{B5D80871-7C17-45CC-899E-7AAE930BCA24} = {F99BD808-DEB9-4ABA-A327-DE5EA6857D08}
		{E69664EA-B6BA-4CF7-A850-8E02852A7C98} = {F99BD808-DEB9-4ABA-A327-DE5EA6857D08}
		{7CC74ABA-9623-4CC7-B327-1DA1D5F44E32} = {F99BD808-DEB9-4ABA-A327-DE5EA6857D08}
		{0DB0004B-23F8-4E9D-8105-D5763946CA46} = {F99BD808-DEB9-4ABA-A327-DE5EA6857D08}
		{4383C40D-8674-4E0B-9BB0-7FCEE37DD438} = {F99BD808-DEB9-4ABA-A327-DE5EA6857D08}
		{0CD1CA5F-7E07-4BA3-B4FB-39C2A70055CB} = {F99BD808-DEB9-4ABA-A327-DE5EA6857D08}
		{2A81B040-92C7-4955-A32C-A653B9E62E03} = {F99BD808-DEB9-4ABA-A327-DE5EA6857D08}
		{39335BF2-C519-4118-A613-D1D5D7D9C465} = {F99BD808-DEB9-4ABA-A327-DE5EA6857D08}
		{4E9DE649-FE40-414A-866C-BF9351193598} = {F99BD808-DEB9-4ABA-A327-DE5EA6857D08}
		{45752B61-0865-4B6F-9787-B47E7D9B62E0} = {F99BD808-DEB9-4ABA-A327-DE5EA6857D08}
		{388CC169-26B2-4373-9598-AC02C90B4254} = {F99BD808-DEB9-4ABA-A327-DE5EA6857D08}
		{485EDD78-2917-498F-AF06-43291008B218} = {F99BD808-DEB9-4ABA-A327-DE5EA6857D08}
		{EFEF4624-7D5A-45C4-BA8F-27C1C6BED493} = {81DA6164-9B34-4595-B2A7-E4286A3E7A4C}
		{26F99E5A-1357-4F76-A0EB-F117B65D1C6F} = {81DA6164-9B34-4595-B2A7-E4286A3E7A4C}
		{A352056B-2F64-48C5-90D8-353CBEBD9709} = {81DA6164-9B34-4595-B2A7-E4286A3E7A4C}
		{22294249-758E-4B1A-A148-FE1D195C6C73} = {81DA6164-9B34-4595-B2A7-E4286A3E7A4C}
		{03FD543A-A2C2-4F63-9811-B7B92F3F72F7} = {81DA6164-9B34-4595-B2A7-E4286A3E7A4C}
		{E7C15366-F91C-4F5A-B3A4-0EF2850FA613} = {81DA6164-9B34-4595-B2A7-E4286A3E7A4C}
		{114D13F0-4DD3-44BA-9F57-FAF1E4B1562A} = {81DA6164-9B34-4595-B2A7-E4286A3E7A4C}
		{AE0F67E8-2AB8-47F5-ADCA-073FD8F3F73E} = {81DA6164-9B34-4595-B2A7-E4286A3E7A4C}
		{19B368B6-CF8A-495C-A847-5D130FEE5ED5} = {81DA6164-9B34-4595-B2A7-E4286A3E7A4C}
		{79BD9B79-0EBE-4544-B977-C01C27489E41} = {81DA6164-9B34-4595-B2A7-E4286A3E7A4C}
		{208E0D69-6743-4F79-A986-6225F07B4C65} = {81DA6164-9B34-4595-B2A7-E4286A3E7A4C}
		{9D6934FE-0049-4F36-A141-E39789B2F0E9} = {81DA6164-9B34-4595-B2A7-E4286A3E7A4C}
		{E011D001-231C-42F3-A4BF-A6AD735F709F} = {81DA6164-9B34-4595-B2A7-E4286A3E7A4C}
		{4CEE7110-6869-43B9-8CAA-573A7126F641} = {81DA6164-9B34-4595-B2A7-E4286A3E7A4C}
		{9039A147-FEA8-4A24-AD53-1674F42E5664} = {81DA6164-9B34-4595-B2A7-E4286A3E7A4C}
		{0B250A19-6D7E-49A8-BEE9-5EA15617C073} = {81DA6164-9B34-4595-B2A7-E4286A3E7A4C}
		{B4603941-8D8C-40B5-8CD6-F6B50B6324B3} = {81DA6164-9B34-4595-B2A7-E4286A3E7A4C}
		{F8F22780-72FD-4612-BF6C-0908872DDC7B} = {81DA6164-9B34-4595-B2A7-E4286A3E7A4C}
		{DF7CCE75-C0B5-441B-BDD3-7A8C3EF881BD} = {81DA6164-9B34-4595-B2A7-E4286A3E7A4C}
		{0FFF0A25-3E44-4ADD-834A-0D277245211B} = {81DA6164-9B34-4595-B2A7-E4286A3E7A4C}
		{F8EF4F47-BC93-4326-A163-9601575A1A47} = {81DA6164-9B34-4595-B2A7-E4286A3E7A4C}
		{F5070CBD-48C7-46A6-9A0A-EC358F16FB8A} = {81DA6164-9B34-4595-B2A7-E4286A3E7A4C}
		{BDFC4FEC-7BE9-4B9F-80A4-004A26923D32} = {81DA6164-9B34-4595-B2A7-E4286A3E7A4C}
		{B84BEDA1-2D0C-4881-A959-A85E47277FBA} = {81DA6164-9B34-4595-B2A7-E4286A3E7A4C}
		{021E0109-7A90-41ED-8E61-EFEBC7624B51} = {81DA6164-9B34-4595-B2A7-E4286A3E7A4C}
		{574CFFB3-8BBA-4320-BDA3-3B9B0D1ECDE0} = {81DA6164-9B34-4595-B2A7-E4286A3E7A4C}
		{44B3A436-E8A5-453B-A497-ADAAC0E0D317} = {81DA6164-9B34-4595-B2A7-E4286A3E7A4C}
		{6F74D8D3-5BCD-4321-BDD7-D44C43BD75B4} = {81DA6164-9B34-4595-B2A7-E4286A3E7A4C}
		{07CF2826-E5DB-4BEE-8BCA-0457B97709A3} = {81DA6164-9B34-4595-B2A7-E4286A3E7A4C}
		{4921DA9C-13DE-4597-946A-337A2F3ABB21} = {81DA6164-9B34-4595-B2A7-E4286A3E7A4C}
		{85B269A9-FBEA-494A-BED2-29AFF14F85AD} = {81DA6164-9B34-4595-B2A7-E4286A3E7A4C}
	EndGlobalSection
	GlobalSection(ExtensibilityGlobals) = postSolution
		SolutionGuid = {EA6364BA-4014-4CCD-A603-3A61FF6B643C}
	EndGlobalSection
EndGlobal
