
Microsoft Visual Studio Solution File, Format Version 12.00
# Visual Studio 15
VisualStudioVersion = 15.0.28307.1259
MinimumVisualStudioVersion = 10.0.40219.1
Project("{8BC9CEB8-8B4A-11D0-8D11-00A0C91BC942}") = "Kth number", "CodingTest\CodingTest.vcxproj", "{544B5CE9-E8DD-400A-A41D-561BCF53D4AA}"
EndProject
Project("{8BC9CEB8-8B4A-11D0-8D11-00A0C91BC942}") = "Not completed participants", "Not completed participants\Not completed participants.vcxproj", "{44DED246-8680-412C-8911-B84EDB4E6921}"
EndProject
Project("{8BC9CEB8-8B4A-11D0-8D11-00A0C91BC942}") = "MockTest", "MockTest\MockTest.vcxproj", "{C3652B75-557D-4D4B-8E63-670D06BD1956}"
EndProject
Project("{8BC9CEB8-8B4A-11D0-8D11-00A0C91BC942}") = "2475", "2558\2558.vcxproj", "{3A146945-320B-4E02-B7F0-A2AC6848CD2C}"
EndProject
Project("{2150E333-8FDC-42A3-9474-1A3956D46DE8}") = "Programmers", "Programmers", "{81DA6164-9B34-4595-B2A7-E4286A3E7A4C}"
EndProject
Project("{2150E333-8FDC-42A3-9474-1A3956D46DE8}") = "Baekjoon", "Baekjoon", "{F99BD808-DEB9-4ABA-A327-DE5EA6857D08}"
EndProject
Project("{8BC9CEB8-8B4A-11D0-8D11-00A0C91BC942}") = "3046", "3046\3046.vcxproj", "{798674E6-8A4A-4BAB-BDCC-248C89A1BF4B}"
EndProject
Project("{8BC9CEB8-8B4A-11D0-8D11-00A0C91BC942}") = "2869", "2869\2869.vcxproj", "{F1D3E7A7-A158-421C-B914-85D024C1CFFA}"
EndProject
Project("{8BC9CEB8-8B4A-11D0-8D11-00A0C91BC942}") = "10250", "10250\10250.vcxproj", "{4E6DAAEF-D65D-4784-9F49-436CA3F8B4A6}"
EndProject
Project("{8BC9CEB8-8B4A-11D0-8D11-00A0C91BC942}") = "2775", "2775\2775.vcxproj", "{35BF9E15-3FE7-49F2-A376-235D6B6791AA}"
EndProject
Project("{8BC9CEB8-8B4A-11D0-8D11-00A0C91BC942}") = "1011", "1011\1011.vcxproj", "{02F243F5-0967-4CD0-A5D2-6B73C86D733A}"
EndProject
Project("{8BC9CEB8-8B4A-11D0-8D11-00A0C91BC942}") = "1978", "1978\1978.vcxproj", "{E713CD8E-2F76-4503-BA77-46B9CF509D40}"
EndProject
Project("{8BC9CEB8-8B4A-11D0-8D11-00A0C91BC942}") = "2581", "2581\2581.vcxproj", "{0865BBA9-D551-450C-B0AD-589190A3E84F}"
EndProject
Project("{8BC9CEB8-8B4A-11D0-8D11-00A0C91BC942}") = "1929", "1929\1929.vcxproj", "{40E2FBED-3DFB-4750-974F-B65A024B614B}"
EndProject
Project("{8BC9CEB8-8B4A-11D0-8D11-00A0C91BC942}") = "4948", "4948\4948.vcxproj", "{A9C92E70-B128-4E21-9BD4-D74D038FAB65}"
EndProject
Project("{8BC9CEB8-8B4A-11D0-8D11-00A0C91BC942}") = "9020", "9020\9020.vcxproj", "{50BFB589-D3AE-46DA-8791-204AC31BCC46}"
EndProject
Project("{8BC9CEB8-8B4A-11D0-8D11-00A0C91BC942}") = "1085", "1085\1085.vcxproj", "{086F4E9C-895D-42D9-BE23-91BB8902C32E}"
EndProject
Project("{8BC9CEB8-8B4A-11D0-8D11-00A0C91BC942}") = "3009", "3009\3009.vcxproj", "{294CCC46-A7B3-4B77-96C9-CEC2203C7662}"
EndProject
Project("{8BC9CEB8-8B4A-11D0-8D11-00A0C91BC942}") = "4153", "4153\4153.vcxproj", "{19CE4438-1A00-445F-A3FC-54DDA059854A}"
EndProject
Project("{8BC9CEB8-8B4A-11D0-8D11-00A0C91BC942}") = "3053", "3053\3053.vcxproj", "{AC9A1ACF-BA9C-4396-B20C-FA546A9DB5B0}"
EndProject
Project("{8BC9CEB8-8B4A-11D0-8D11-00A0C91BC942}") = "1002", "1002\1002.vcxproj", "{6C243701-CB23-430E-B365-A95AAB756000}"
EndProject
Project("{8BC9CEB8-8B4A-11D0-8D11-00A0C91BC942}") = "10872", "10872\10872.vcxproj", "{72A925E9-5581-4A14-9ABD-813EB1F72E2D}"
EndProject
Project("{8BC9CEB8-8B4A-11D0-8D11-00A0C91BC942}") = "10870", "10870\10870.vcxproj", "{97F4DD20-6E0F-43B1-A320-F2CA6C8CE3A6}"
EndProject
Project("{8BC9CEB8-8B4A-11D0-8D11-00A0C91BC942}") = "2447", "2447\2447.vcxproj", "{68F17DA8-6FFF-4465-9002-757527EF0770}"
EndProject
Project("{8BC9CEB8-8B4A-11D0-8D11-00A0C91BC942}") = "11729", "11729\11729.vcxproj", "{1FE1124B-F59B-41B3-88CE-D4A93D325168}"
EndProject
Global
	GlobalSection(SolutionConfigurationPlatforms) = preSolution
		Debug|x64 = Debug|x64
		Debug|x86 = Debug|x86
		Release|x64 = Release|x64
		Release|x86 = Release|x86
	EndGlobalSection
	GlobalSection(ProjectConfigurationPlatforms) = postSolution
		{544B5CE9-E8DD-400A-A41D-561BCF53D4AA}.Debug|x64.ActiveCfg = Debug|x64
		{544B5CE9-E8DD-400A-A41D-561BCF53D4AA}.Debug|x64.Build.0 = Debug|x64
		{544B5CE9-E8DD-400A-A41D-561BCF53D4AA}.Debug|x86.ActiveCfg = Debug|Win32
		{544B5CE9-E8DD-400A-A41D-561BCF53D4AA}.Debug|x86.Build.0 = Debug|Win32
		{544B5CE9-E8DD-400A-A41D-561BCF53D4AA}.Release|x64.ActiveCfg = Release|x64
		{544B5CE9-E8DD-400A-A41D-561BCF53D4AA}.Release|x64.Build.0 = Release|x64
		{544B5CE9-E8DD-400A-A41D-561BCF53D4AA}.Release|x86.ActiveCfg = Release|Win32
		{544B5CE9-E8DD-400A-A41D-561BCF53D4AA}.Release|x86.Build.0 = Release|Win32
		{44DED246-8680-412C-8911-B84EDB4E6921}.Debug|x64.ActiveCfg = Debug|x64
		{44DED246-8680-412C-8911-B84EDB4E6921}.Debug|x64.Build.0 = Debug|x64
		{44DED246-8680-412C-8911-B84EDB4E6921}.Debug|x86.ActiveCfg = Debug|Win32
		{44DED246-8680-412C-8911-B84EDB4E6921}.Debug|x86.Build.0 = Debug|Win32
		{44DED246-8680-412C-8911-B84EDB4E6921}.Release|x64.ActiveCfg = Release|x64
		{44DED246-8680-412C-8911-B84EDB4E6921}.Release|x64.Build.0 = Release|x64
		{44DED246-8680-412C-8911-B84EDB4E6921}.Release|x86.ActiveCfg = Release|Win32
		{44DED246-8680-412C-8911-B84EDB4E6921}.Release|x86.Build.0 = Release|Win32
		{C3652B75-557D-4D4B-8E63-670D06BD1956}.Debug|x64.ActiveCfg = Debug|x64
		{C3652B75-557D-4D4B-8E63-670D06BD1956}.Debug|x64.Build.0 = Debug|x64
		{C3652B75-557D-4D4B-8E63-670D06BD1956}.Debug|x86.ActiveCfg = Debug|Win32
		{C3652B75-557D-4D4B-8E63-670D06BD1956}.Debug|x86.Build.0 = Debug|Win32
		{C3652B75-557D-4D4B-8E63-670D06BD1956}.Release|x64.ActiveCfg = Release|x64
		{C3652B75-557D-4D4B-8E63-670D06BD1956}.Release|x64.Build.0 = Release|x64
		{C3652B75-557D-4D4B-8E63-670D06BD1956}.Release|x86.ActiveCfg = Release|Win32
		{C3652B75-557D-4D4B-8E63-670D06BD1956}.Release|x86.Build.0 = Release|Win32
		{3A146945-320B-4E02-B7F0-A2AC6848CD2C}.Debug|x64.ActiveCfg = Debug|x64
		{3A146945-320B-4E02-B7F0-A2AC6848CD2C}.Debug|x64.Build.0 = Debug|x64
		{3A146945-320B-4E02-B7F0-A2AC6848CD2C}.Debug|x86.ActiveCfg = Debug|Win32
		{3A146945-320B-4E02-B7F0-A2AC6848CD2C}.Debug|x86.Build.0 = Debug|Win32
		{3A146945-320B-4E02-B7F0-A2AC6848CD2C}.Release|x64.ActiveCfg = Release|x64
		{3A146945-320B-4E02-B7F0-A2AC6848CD2C}.Release|x64.Build.0 = Release|x64
		{3A146945-320B-4E02-B7F0-A2AC6848CD2C}.Release|x86.ActiveCfg = Release|Win32
		{3A146945-320B-4E02-B7F0-A2AC6848CD2C}.Release|x86.Build.0 = Release|Win32
		{798674E6-8A4A-4BAB-BDCC-248C89A1BF4B}.Debug|x64.ActiveCfg = Debug|x64
		{798674E6-8A4A-4BAB-BDCC-248C89A1BF4B}.Debug|x64.Build.0 = Debug|x64
		{798674E6-8A4A-4BAB-BDCC-248C89A1BF4B}.Debug|x86.ActiveCfg = Debug|Win32
		{798674E6-8A4A-4BAB-BDCC-248C89A1BF4B}.Debug|x86.Build.0 = Debug|Win32
		{798674E6-8A4A-4BAB-BDCC-248C89A1BF4B}.Release|x64.ActiveCfg = Release|x64
		{798674E6-8A4A-4BAB-BDCC-248C89A1BF4B}.Release|x64.Build.0 = Release|x64
		{798674E6-8A4A-4BAB-BDCC-248C89A1BF4B}.Release|x86.ActiveCfg = Release|Win32
		{798674E6-8A4A-4BAB-BDCC-248C89A1BF4B}.Release|x86.Build.0 = Release|Win32
		{F1D3E7A7-A158-421C-B914-85D024C1CFFA}.Debug|x64.ActiveCfg = Debug|x64
		{F1D3E7A7-A158-421C-B914-85D024C1CFFA}.Debug|x64.Build.0 = Debug|x64
		{F1D3E7A7-A158-421C-B914-85D024C1CFFA}.Debug|x86.ActiveCfg = Debug|Win32
		{F1D3E7A7-A158-421C-B914-85D024C1CFFA}.Debug|x86.Build.0 = Debug|Win32
		{F1D3E7A7-A158-421C-B914-85D024C1CFFA}.Release|x64.ActiveCfg = Release|x64
		{F1D3E7A7-A158-421C-B914-85D024C1CFFA}.Release|x64.Build.0 = Release|x64
		{F1D3E7A7-A158-421C-B914-85D024C1CFFA}.Release|x86.ActiveCfg = Release|Win32
		{F1D3E7A7-A158-421C-B914-85D024C1CFFA}.Release|x86.Build.0 = Release|Win32
		{4E6DAAEF-D65D-4784-9F49-436CA3F8B4A6}.Debug|x64.ActiveCfg = Debug|x64
		{4E6DAAEF-D65D-4784-9F49-436CA3F8B4A6}.Debug|x64.Build.0 = Debug|x64
		{4E6DAAEF-D65D-4784-9F49-436CA3F8B4A6}.Debug|x86.ActiveCfg = Debug|Win32
		{4E6DAAEF-D65D-4784-9F49-436CA3F8B4A6}.Debug|x86.Build.0 = Debug|Win32
		{4E6DAAEF-D65D-4784-9F49-436CA3F8B4A6}.Release|x64.ActiveCfg = Release|x64
		{4E6DAAEF-D65D-4784-9F49-436CA3F8B4A6}.Release|x64.Build.0 = Release|x64
		{4E6DAAEF-D65D-4784-9F49-436CA3F8B4A6}.Release|x86.ActiveCfg = Release|Win32
		{4E6DAAEF-D65D-4784-9F49-436CA3F8B4A6}.Release|x86.Build.0 = Release|Win32
		{35BF9E15-3FE7-49F2-A376-235D6B6791AA}.Debug|x64.ActiveCfg = Debug|x64
		{35BF9E15-3FE7-49F2-A376-235D6B6791AA}.Debug|x64.Build.0 = Debug|x64
		{35BF9E15-3FE7-49F2-A376-235D6B6791AA}.Debug|x86.ActiveCfg = Debug|Win32
		{35BF9E15-3FE7-49F2-A376-235D6B6791AA}.Debug|x86.Build.0 = Debug|Win32
		{35BF9E15-3FE7-49F2-A376-235D6B6791AA}.Release|x64.ActiveCfg = Release|x64
		{35BF9E15-3FE7-49F2-A376-235D6B6791AA}.Release|x64.Build.0 = Release|x64
		{35BF9E15-3FE7-49F2-A376-235D6B6791AA}.Release|x86.ActiveCfg = Release|Win32
		{35BF9E15-3FE7-49F2-A376-235D6B6791AA}.Release|x86.Build.0 = Release|Win32
		{02F243F5-0967-4CD0-A5D2-6B73C86D733A}.Debug|x64.ActiveCfg = Debug|x64
		{02F243F5-0967-4CD0-A5D2-6B73C86D733A}.Debug|x64.Build.0 = Debug|x64
		{02F243F5-0967-4CD0-A5D2-6B73C86D733A}.Debug|x86.ActiveCfg = Debug|Win32
		{02F243F5-0967-4CD0-A5D2-6B73C86D733A}.Debug|x86.Build.0 = Debug|Win32
		{02F243F5-0967-4CD0-A5D2-6B73C86D733A}.Release|x64.ActiveCfg = Release|x64
		{02F243F5-0967-4CD0-A5D2-6B73C86D733A}.Release|x64.Build.0 = Release|x64
		{02F243F5-0967-4CD0-A5D2-6B73C86D733A}.Release|x86.ActiveCfg = Release|Win32
		{02F243F5-0967-4CD0-A5D2-6B73C86D733A}.Release|x86.Build.0 = Release|Win32
		{E713CD8E-2F76-4503-BA77-46B9CF509D40}.Debug|x64.ActiveCfg = Debug|x64
		{E713CD8E-2F76-4503-BA77-46B9CF509D40}.Debug|x64.Build.0 = Debug|x64
		{E713CD8E-2F76-4503-BA77-46B9CF509D40}.Debug|x86.ActiveCfg = Debug|Win32
		{E713CD8E-2F76-4503-BA77-46B9CF509D40}.Debug|x86.Build.0 = Debug|Win32
		{E713CD8E-2F76-4503-BA77-46B9CF509D40}.Release|x64.ActiveCfg = Release|x64
		{E713CD8E-2F76-4503-BA77-46B9CF509D40}.Release|x64.Build.0 = Release|x64
		{E713CD8E-2F76-4503-BA77-46B9CF509D40}.Release|x86.ActiveCfg = Release|Win32
		{E713CD8E-2F76-4503-BA77-46B9CF509D40}.Release|x86.Build.0 = Release|Win32
		{0865BBA9-D551-450C-B0AD-589190A3E84F}.Debug|x64.ActiveCfg = Debug|x64
		{0865BBA9-D551-450C-B0AD-589190A3E84F}.Debug|x64.Build.0 = Debug|x64
		{0865BBA9-D551-450C-B0AD-589190A3E84F}.Debug|x86.ActiveCfg = Debug|Win32
		{0865BBA9-D551-450C-B0AD-589190A3E84F}.Debug|x86.Build.0 = Debug|Win32
		{0865BBA9-D551-450C-B0AD-589190A3E84F}.Release|x64.ActiveCfg = Release|x64
		{0865BBA9-D551-450C-B0AD-589190A3E84F}.Release|x64.Build.0 = Release|x64
		{0865BBA9-D551-450C-B0AD-589190A3E84F}.Release|x86.ActiveCfg = Release|Win32
		{0865BBA9-D551-450C-B0AD-589190A3E84F}.Release|x86.Build.0 = Release|Win32
		{40E2FBED-3DFB-4750-974F-B65A024B614B}.Debug|x64.ActiveCfg = Debug|x64
		{40E2FBED-3DFB-4750-974F-B65A024B614B}.Debug|x64.Build.0 = Debug|x64
		{40E2FBED-3DFB-4750-974F-B65A024B614B}.Debug|x86.ActiveCfg = Debug|Win32
		{40E2FBED-3DFB-4750-974F-B65A024B614B}.Debug|x86.Build.0 = Debug|Win32
		{40E2FBED-3DFB-4750-974F-B65A024B614B}.Release|x64.ActiveCfg = Release|x64
		{40E2FBED-3DFB-4750-974F-B65A024B614B}.Release|x64.Build.0 = Release|x64
		{40E2FBED-3DFB-4750-974F-B65A024B614B}.Release|x86.ActiveCfg = Release|Win32
		{40E2FBED-3DFB-4750-974F-B65A024B614B}.Release|x86.Build.0 = Release|Win32
		{A9C92E70-B128-4E21-9BD4-D74D038FAB65}.Debug|x64.ActiveCfg = Debug|x64
		{A9C92E70-B128-4E21-9BD4-D74D038FAB65}.Debug|x64.Build.0 = Debug|x64
		{A9C92E70-B128-4E21-9BD4-D74D038FAB65}.Debug|x86.ActiveCfg = Debug|Win32
		{A9C92E70-B128-4E21-9BD4-D74D038FAB65}.Debug|x86.Build.0 = Debug|Win32
		{A9C92E70-B128-4E21-9BD4-D74D038FAB65}.Release|x64.ActiveCfg = Release|x64
		{A9C92E70-B128-4E21-9BD4-D74D038FAB65}.Release|x64.Build.0 = Release|x64
		{A9C92E70-B128-4E21-9BD4-D74D038FAB65}.Release|x86.ActiveCfg = Release|Win32
		{A9C92E70-B128-4E21-9BD4-D74D038FAB65}.Release|x86.Build.0 = Release|Win32
		{50BFB589-D3AE-46DA-8791-204AC31BCC46}.Debug|x64.ActiveCfg = Debug|x64
		{50BFB589-D3AE-46DA-8791-204AC31BCC46}.Debug|x64.Build.0 = Debug|x64
		{50BFB589-D3AE-46DA-8791-204AC31BCC46}.Debug|x86.ActiveCfg = Debug|Win32
		{50BFB589-D3AE-46DA-8791-204AC31BCC46}.Debug|x86.Build.0 = Debug|Win32
		{50BFB589-D3AE-46DA-8791-204AC31BCC46}.Release|x64.ActiveCfg = Release|x64
		{50BFB589-D3AE-46DA-8791-204AC31BCC46}.Release|x64.Build.0 = Release|x64
		{50BFB589-D3AE-46DA-8791-204AC31BCC46}.Release|x86.ActiveCfg = Release|Win32
		{50BFB589-D3AE-46DA-8791-204AC31BCC46}.Release|x86.Build.0 = Release|Win32
		{086F4E9C-895D-42D9-BE23-91BB8902C32E}.Debug|x64.ActiveCfg = Debug|x64
		{086F4E9C-895D-42D9-BE23-91BB8902C32E}.Debug|x64.Build.0 = Debug|x64
		{086F4E9C-895D-42D9-BE23-91BB8902C32E}.Debug|x86.ActiveCfg = Debug|Win32
		{086F4E9C-895D-42D9-BE23-91BB8902C32E}.Debug|x86.Build.0 = Debug|Win32
		{086F4E9C-895D-42D9-BE23-91BB8902C32E}.Release|x64.ActiveCfg = Release|x64
		{086F4E9C-895D-42D9-BE23-91BB8902C32E}.Release|x64.Build.0 = Release|x64
		{086F4E9C-895D-42D9-BE23-91BB8902C32E}.Release|x86.ActiveCfg = Release|Win32
		{086F4E9C-895D-42D9-BE23-91BB8902C32E}.Release|x86.Build.0 = Release|Win32
		{294CCC46-A7B3-4B77-96C9-CEC2203C7662}.Debug|x64.ActiveCfg = Debug|x64
		{294CCC46-A7B3-4B77-96C9-CEC2203C7662}.Debug|x64.Build.0 = Debug|x64
		{294CCC46-A7B3-4B77-96C9-CEC2203C7662}.Debug|x86.ActiveCfg = Debug|Win32
		{294CCC46-A7B3-4B77-96C9-CEC2203C7662}.Debug|x86.Build.0 = Debug|Win32
		{294CCC46-A7B3-4B77-96C9-CEC2203C7662}.Release|x64.ActiveCfg = Release|x64
		{294CCC46-A7B3-4B77-96C9-CEC2203C7662}.Release|x64.Build.0 = Release|x64
		{294CCC46-A7B3-4B77-96C9-CEC2203C7662}.Release|x86.ActiveCfg = Release|Win32
		{294CCC46-A7B3-4B77-96C9-CEC2203C7662}.Release|x86.Build.0 = Release|Win32
		{19CE4438-1A00-445F-A3FC-54DDA059854A}.Debug|x64.ActiveCfg = Debug|x64
		{19CE4438-1A00-445F-A3FC-54DDA059854A}.Debug|x64.Build.0 = Debug|x64
		{19CE4438-1A00-445F-A3FC-54DDA059854A}.Debug|x86.ActiveCfg = Debug|Win32
		{19CE4438-1A00-445F-A3FC-54DDA059854A}.Debug|x86.Build.0 = Debug|Win32
		{19CE4438-1A00-445F-A3FC-54DDA059854A}.Release|x64.ActiveCfg = Release|x64
		{19CE4438-1A00-445F-A3FC-54DDA059854A}.Release|x64.Build.0 = Release|x64
		{19CE4438-1A00-445F-A3FC-54DDA059854A}.Release|x86.ActiveCfg = Release|Win32
		{19CE4438-1A00-445F-A3FC-54DDA059854A}.Release|x86.Build.0 = Release|Win32
		{AC9A1ACF-BA9C-4396-B20C-FA546A9DB5B0}.Debug|x64.ActiveCfg = Debug|x64
		{AC9A1ACF-BA9C-4396-B20C-FA546A9DB5B0}.Debug|x64.Build.0 = Debug|x64
		{AC9A1ACF-BA9C-4396-B20C-FA546A9DB5B0}.Debug|x86.ActiveCfg = Debug|Win32
		{AC9A1ACF-BA9C-4396-B20C-FA546A9DB5B0}.Debug|x86.Build.0 = Debug|Win32
		{AC9A1ACF-BA9C-4396-B20C-FA546A9DB5B0}.Release|x64.ActiveCfg = Release|x64
		{AC9A1ACF-BA9C-4396-B20C-FA546A9DB5B0}.Release|x64.Build.0 = Release|x64
		{AC9A1ACF-BA9C-4396-B20C-FA546A9DB5B0}.Release|x86.ActiveCfg = Release|Win32
		{AC9A1ACF-BA9C-4396-B20C-FA546A9DB5B0}.Release|x86.Build.0 = Release|Win32
		{6C243701-CB23-430E-B365-A95AAB756000}.Debug|x64.ActiveCfg = Debug|x64
		{6C243701-CB23-430E-B365-A95AAB756000}.Debug|x64.Build.0 = Debug|x64
		{6C243701-CB23-430E-B365-A95AAB756000}.Debug|x86.ActiveCfg = Debug|Win32
		{6C243701-CB23-430E-B365-A95AAB756000}.Debug|x86.Build.0 = Debug|Win32
		{6C243701-CB23-430E-B365-A95AAB756000}.Release|x64.ActiveCfg = Release|x64
		{6C243701-CB23-430E-B365-A95AAB756000}.Release|x64.Build.0 = Release|x64
		{6C243701-CB23-430E-B365-A95AAB756000}.Release|x86.ActiveCfg = Release|Win32
		{6C243701-CB23-430E-B365-A95AAB756000}.Release|x86.Build.0 = Release|Win32
		{72A925E9-5581-4A14-9ABD-813EB1F72E2D}.Debug|x64.ActiveCfg = Debug|x64
		{72A925E9-5581-4A14-9ABD-813EB1F72E2D}.Debug|x64.Build.0 = Debug|x64
		{72A925E9-5581-4A14-9ABD-813EB1F72E2D}.Debug|x86.ActiveCfg = Debug|Win32
		{72A925E9-5581-4A14-9ABD-813EB1F72E2D}.Debug|x86.Build.0 = Debug|Win32
		{72A925E9-5581-4A14-9ABD-813EB1F72E2D}.Release|x64.ActiveCfg = Release|x64
		{72A925E9-5581-4A14-9ABD-813EB1F72E2D}.Release|x64.Build.0 = Release|x64
		{72A925E9-5581-4A14-9ABD-813EB1F72E2D}.Release|x86.ActiveCfg = Release|Win32
		{72A925E9-5581-4A14-9ABD-813EB1F72E2D}.Release|x86.Build.0 = Release|Win32
		{97F4DD20-6E0F-43B1-A320-F2CA6C8CE3A6}.Debug|x64.ActiveCfg = Debug|x64
		{97F4DD20-6E0F-43B1-A320-F2CA6C8CE3A6}.Debug|x64.Build.0 = Debug|x64
		{97F4DD20-6E0F-43B1-A320-F2CA6C8CE3A6}.Debug|x86.ActiveCfg = Debug|Win32
		{97F4DD20-6E0F-43B1-A320-F2CA6C8CE3A6}.Debug|x86.Build.0 = Debug|Win32
		{97F4DD20-6E0F-43B1-A320-F2CA6C8CE3A6}.Release|x64.ActiveCfg = Release|x64
		{97F4DD20-6E0F-43B1-A320-F2CA6C8CE3A6}.Release|x64.Build.0 = Release|x64
		{97F4DD20-6E0F-43B1-A320-F2CA6C8CE3A6}.Release|x86.ActiveCfg = Release|Win32
		{97F4DD20-6E0F-43B1-A320-F2CA6C8CE3A6}.Release|x86.Build.0 = Release|Win32
		{68F17DA8-6FFF-4465-9002-757527EF0770}.Debug|x64.ActiveCfg = Debug|x64
		{68F17DA8-6FFF-4465-9002-757527EF0770}.Debug|x64.Build.0 = Debug|x64
		{68F17DA8-6FFF-4465-9002-757527EF0770}.Debug|x86.ActiveCfg = Debug|Win32
		{68F17DA8-6FFF-4465-9002-757527EF0770}.Debug|x86.Build.0 = Debug|Win32
		{68F17DA8-6FFF-4465-9002-757527EF0770}.Release|x64.ActiveCfg = Release|x64
		{68F17DA8-6FFF-4465-9002-757527EF0770}.Release|x64.Build.0 = Release|x64
		{68F17DA8-6FFF-4465-9002-757527EF0770}.Release|x86.ActiveCfg = Release|Win32
		{68F17DA8-6FFF-4465-9002-757527EF0770}.Release|x86.Build.0 = Release|Win32
		{1FE1124B-F59B-41B3-88CE-D4A93D325168}.Debug|x64.ActiveCfg = Debug|x64
		{1FE1124B-F59B-41B3-88CE-D4A93D325168}.Debug|x64.Build.0 = Debug|x64
		{1FE1124B-F59B-41B3-88CE-D4A93D325168}.Debug|x86.ActiveCfg = Debug|Win32
		{1FE1124B-F59B-41B3-88CE-D4A93D325168}.Debug|x86.Build.0 = Debug|Win32
		{1FE1124B-F59B-41B3-88CE-D4A93D325168}.Release|x64.ActiveCfg = Release|x64
		{1FE1124B-F59B-41B3-88CE-D4A93D325168}.Release|x64.Build.0 = Release|x64
		{1FE1124B-F59B-41B3-88CE-D4A93D325168}.Release|x86.ActiveCfg = Release|Win32
		{1FE1124B-F59B-41B3-88CE-D4A93D325168}.Release|x86.Build.0 = Release|Win32
	EndGlobalSection
	GlobalSection(SolutionProperties) = preSolution
		HideSolutionNode = FALSE
	EndGlobalSection
	GlobalSection(NestedProjects) = preSolution
		{544B5CE9-E8DD-400A-A41D-561BCF53D4AA} = {81DA6164-9B34-4595-B2A7-E4286A3E7A4C}
		{44DED246-8680-412C-8911-B84EDB4E6921} = {81DA6164-9B34-4595-B2A7-E4286A3E7A4C}
		{C3652B75-557D-4D4B-8E63-670D06BD1956} = {81DA6164-9B34-4595-B2A7-E4286A3E7A4C}
		{3A146945-320B-4E02-B7F0-A2AC6848CD2C} = {F99BD808-DEB9-4ABA-A327-DE5EA6857D08}
		{798674E6-8A4A-4BAB-BDCC-248C89A1BF4B} = {F99BD808-DEB9-4ABA-A327-DE5EA6857D08}
		{F1D3E7A7-A158-421C-B914-85D024C1CFFA} = {F99BD808-DEB9-4ABA-A327-DE5EA6857D08}
		{4E6DAAEF-D65D-4784-9F49-436CA3F8B4A6} = {F99BD808-DEB9-4ABA-A327-DE5EA6857D08}
		{35BF9E15-3FE7-49F2-A376-235D6B6791AA} = {F99BD808-DEB9-4ABA-A327-DE5EA6857D08}
		{02F243F5-0967-4CD0-A5D2-6B73C86D733A} = {F99BD808-DEB9-4ABA-A327-DE5EA6857D08}
		{E713CD8E-2F76-4503-BA77-46B9CF509D40} = {F99BD808-DEB9-4ABA-A327-DE5EA6857D08}
		{0865BBA9-D551-450C-B0AD-589190A3E84F} = {F99BD808-DEB9-4ABA-A327-DE5EA6857D08}
		{40E2FBED-3DFB-4750-974F-B65A024B614B} = {F99BD808-DEB9-4ABA-A327-DE5EA6857D08}
		{A9C92E70-B128-4E21-9BD4-D74D038FAB65} = {F99BD808-DEB9-4ABA-A327-DE5EA6857D08}
		{50BFB589-D3AE-46DA-8791-204AC31BCC46} = {F99BD808-DEB9-4ABA-A327-DE5EA6857D08}
		{086F4E9C-895D-42D9-BE23-91BB8902C32E} = {F99BD808-DEB9-4ABA-A327-DE5EA6857D08}
		{294CCC46-A7B3-4B77-96C9-CEC2203C7662} = {F99BD808-DEB9-4ABA-A327-DE5EA6857D08}
		{19CE4438-1A00-445F-A3FC-54DDA059854A} = {F99BD808-DEB9-4ABA-A327-DE5EA6857D08}
		{AC9A1ACF-BA9C-4396-B20C-FA546A9DB5B0} = {F99BD808-DEB9-4ABA-A327-DE5EA6857D08}
		{6C243701-CB23-430E-B365-A95AAB756000} = {F99BD808-DEB9-4ABA-A327-DE5EA6857D08}
		{72A925E9-5581-4A14-9ABD-813EB1F72E2D} = {F99BD808-DEB9-4ABA-A327-DE5EA6857D08}
		{97F4DD20-6E0F-43B1-A320-F2CA6C8CE3A6} = {F99BD808-DEB9-4ABA-A327-DE5EA6857D08}
		{68F17DA8-6FFF-4465-9002-757527EF0770} = {F99BD808-DEB9-4ABA-A327-DE5EA6857D08}
		{1FE1124B-F59B-41B3-88CE-D4A93D325168} = {F99BD808-DEB9-4ABA-A327-DE5EA6857D08}
	EndGlobalSection
	GlobalSection(ExtensibilityGlobals) = postSolution
		SolutionGuid = {EA6364BA-4014-4CCD-A603-3A61FF6B643C}
	EndGlobalSection
EndGlobal
